<?xml version="1.0" encoding="utf-8"?>
<Project ToolsVersion="4.0" xmlns="http://schemas.microsoft.com/developer/msbuild/2003">
  <ItemGroup>
    <Filter Include="리소스 파일">
      <UniqueIdentifier>{67DA6AB6-F800-4c08-8B7A-83BB121AAD01}</UniqueIdentifier>
      <Extensions>rc;ico;cur;bmp;dlg;rc2;rct;bin;rgs;gif;jpg;jpeg;jpe;resx;tiff;tif;png;wav;mfcribbon-ms</Extensions>
    </Filter>
    <Filter Include="Default">
      <UniqueIdentifier>{8e093ada-c2c2-4bff-9390-9244f58587a4}</UniqueIdentifier>
    </Filter>
    <Filter Include="ImGui">
      <UniqueIdentifier>{6a3b17e3-c055-433c-b620-c9c8796ac376}</UniqueIdentifier>
    </Filter>
    <Filter Include="_UI">
      <UniqueIdentifier>{badbf60d-bec1-47bc-986b-a705b864689e}</UniqueIdentifier>
    </Filter>
    <Filter Include="_UI\ContentUI">
      <UniqueIdentifier>{6ff1df0b-768c-4425-88dd-d62587ca58fd}</UniqueIdentifier>
    </Filter>
    <Filter Include="_UI\OutlinerUI">
      <UniqueIdentifier>{22e92769-5ebe-445e-a2bf-3e731161578b}</UniqueIdentifier>
    </Filter>
    <Filter Include="_UI\MenuUI">
      <UniqueIdentifier>{47afa2ee-3e6f-4c48-b177-46a3b2927bde}</UniqueIdentifier>
    </Filter>
    <Filter Include="_UI\ManagerInspectorUI">
      <UniqueIdentifier>{b34a6f09-6ad7-41d1-8187-f2cd713fa524}</UniqueIdentifier>
    </Filter>
    <Filter Include="_Manager">
      <UniqueIdentifier>{cb29e3c8-5212-4dc9-9d98-c4c010e0be04}</UniqueIdentifier>
    </Filter>
    <Filter Include="_Manager\_EditorObjMgr">
      <UniqueIdentifier>{9345d13f-0174-4f6d-9ddb-3587d6334bea}</UniqueIdentifier>
    </Filter>
    <Filter Include="_Manager\_EditorObjMgr\GameObjectEx">
      <UniqueIdentifier>{ee8a76cf-4e38-431e-bc14-b6bd5c62857b}</UniqueIdentifier>
    </Filter>
    <Filter Include="_Manager\ImGuiMgr">
      <UniqueIdentifier>{6199bf00-89fe-4eba-8b79-6cb47214341a}</UniqueIdentifier>
    </Filter>
    <Filter Include="_Manager\LevelSaveLoad">
      <UniqueIdentifier>{bd45bcb0-5b2d-4b83-a548-af8817de8f6a}</UniqueIdentifier>
    </Filter>
    <Filter Include="_UI\_InspectorUI">
      <UniqueIdentifier>{b5451cb5-87b3-484d-81da-ff2d62408d0c}</UniqueIdentifier>
    </Filter>
    <Filter Include="_UI\_InspectorUI\_ComponentUI">
      <UniqueIdentifier>{91daa0d8-536c-4d08-ae67-14a0dffca022}</UniqueIdentifier>
    </Filter>
    <Filter Include="_UI\_InspectorUI\_ComponentUI\TransformUI">
      <UniqueIdentifier>{845b1d5c-be2e-4db5-b8e5-2f57f7265f5c}</UniqueIdentifier>
    </Filter>
    <Filter Include="_UI\_InspectorUI\_ComponentUI\MeshRenderUI">
      <UniqueIdentifier>{638439d2-548a-47d7-b2fc-769d9a7a787b}</UniqueIdentifier>
    </Filter>
    <Filter Include="_UI\_InspectorUI\_ComponentUI\CameraUI">
      <UniqueIdentifier>{66289c5d-97fb-4459-b506-d0b584d9ec9d}</UniqueIdentifier>
    </Filter>
    <Filter Include="_UI\_InspectorUI\_ComponentUI\ParticleSystemUI">
      <UniqueIdentifier>{26ea688e-f2d8-4f3f-85e5-e9909a31dacf}</UniqueIdentifier>
    </Filter>
    <Filter Include="_UI\_InspectorUI\_ComponentUI\ScriptUI">
      <UniqueIdentifier>{662a78f7-bbf9-46d2-a9e0-cd5e1ed84873}</UniqueIdentifier>
    </Filter>
    <Filter Include="_UI\_InspectorUI\_ComponentUI\Light3DUI">
      <UniqueIdentifier>{80a545b8-a794-4aab-b098-89a2dbdd08ac}</UniqueIdentifier>
    </Filter>
    <Filter Include="_UI\_InspectorUI\_ComponentUI\Animator3DUI">
      <UniqueIdentifier>{debb03ee-e529-4419-91fa-1113e02c8c82}</UniqueIdentifier>
    </Filter>
    <Filter Include="_UI\_InspectorUI\_ComponentUI\LandScapeUI">
      <UniqueIdentifier>{a3cb3dc6-db53-409b-ba14-822bb1744900}</UniqueIdentifier>
    </Filter>
    <Filter Include="_UI\_InspectorUI\_ComponentUI\DecalUI">
      <UniqueIdentifier>{aeddd3ea-73c9-4078-8363-e7a7786d5c99}</UniqueIdentifier>
    </Filter>
    <Filter Include="_UI\_InspectorUI\_ComponentUI\Collider3DUI">
      <UniqueIdentifier>{8cbd88b2-3fac-4f97-9fa2-752e02f10d74}</UniqueIdentifier>
    </Filter>
    <Filter Include="_UI\_InspectorUI\_ResUI">
      <UniqueIdentifier>{d086e281-6ad8-4cfb-9fa7-4e833bbc5a8c}</UniqueIdentifier>
    </Filter>
    <Filter Include="_UI\_InspectorUI\_ResUI\TextureUI">
      <UniqueIdentifier>{74a3f94b-659f-474e-8f4d-10a0a9ab0f99}</UniqueIdentifier>
    </Filter>
    <Filter Include="_UI\_InspectorUI\_ResUI\MeshUI">
      <UniqueIdentifier>{315bfeab-aa77-4aa0-875e-a719bb654885}</UniqueIdentifier>
    </Filter>
    <Filter Include="_UI\_InspectorUI\_ResUI\SoundUI">
      <UniqueIdentifier>{dfeb02b8-e1dc-4d73-96ab-ee6243d9eaab}</UniqueIdentifier>
    </Filter>
    <Filter Include="_UI\_InspectorUI\_ResUI\MaterialUI">
      <UniqueIdentifier>{67f45a23-4eea-4bea-967f-d786a60dba68}</UniqueIdentifier>
    </Filter>
    <Filter Include="_UI\_InspectorUI\_ResUI\GraphicsShaderUI">
      <UniqueIdentifier>{eb670eb2-2aeb-45cf-9aa3-6500a5be7445}</UniqueIdentifier>
    </Filter>
    <Filter Include="_UI\_InspectorUI\_ResUI\ComputeShaderUI">
      <UniqueIdentifier>{2270a1d7-6d7d-4a35-b1f1-47a3bcef806c}</UniqueIdentifier>
    </Filter>
    <Filter Include="_UI\_InspectorUI\_ResUI\MeshDataUI">
      <UniqueIdentifier>{60f9e28d-3a49-4570-adf7-be98346cbd09}</UniqueIdentifier>
    </Filter>
    <Filter Include="_UI\_InspectorUI\_ResUI\PrefabUI">
      <UniqueIdentifier>{e6a095f5-a739-45ef-a32d-00edece3c90b}</UniqueIdentifier>
    </Filter>
    <Filter Include="_UI\_Module">
      <UniqueIdentifier>{ab4338fd-59b8-4cc0-a1db-cc269dc91284}</UniqueIdentifier>
    </Filter>
    <Filter Include="_UI\_Module\ListUI">
      <UniqueIdentifier>{28416446-aa71-4140-b738-81b70f72fccd}</UniqueIdentifier>
    </Filter>
    <Filter Include="_UI\_Module\TreeUI">
      <UniqueIdentifier>{3e7bdc3d-f64d-49b2-8e0e-12be2ec4f1c7}</UniqueIdentifier>
    </Filter>
    <Filter Include="_UI\_Module\ParamUI">
      <UniqueIdentifier>{50578aa4-f03f-471a-a07c-5c0366120bdc}</UniqueIdentifier>
    </Filter>
    <Filter Include="_UI\LayerInspectorUI">
      <UniqueIdentifier>{d20429b3-5c62-47f0-9704-22680a1a23ce}</UniqueIdentifier>
    </Filter>
    <Filter Include="_UI\ObjectPickerUI">
      <UniqueIdentifier>{db3da841-3e30-4e1f-8c2b-460146d1478e}</UniqueIdentifier>
    </Filter>
    <Filter Include="_UI\CollisionUI">
      <UniqueIdentifier>{13cab8a3-bfbc-4552-9cc5-82bbcdea1815}</UniqueIdentifier>
    </Filter>
    <Filter Include="_UI\SamplerFilterUI">
      <UniqueIdentifier>{4c6697bb-3dce-4474-a272-21a8f5c8ad5a}</UniqueIdentifier>
    </Filter>
    <Filter Include="_UI\DefineAnimationUI">
      <UniqueIdentifier>{cd3516be-86c3-4318-b57a-998210f8879b}</UniqueIdentifier>
    </Filter>
    <Filter Include="_UI\RenderUI">
      <UniqueIdentifier>{01410db3-14dc-4f08-bad6-c4333f2cdebc}</UniqueIdentifier>
    </Filter>
    <Filter Include="_UI\PlacementUI">
      <UniqueIdentifier>{627ec8c7-d3b9-464d-9315-d4f51e2958f2}</UniqueIdentifier>
    </Filter>
    <Filter Include="_UI\_InspectorUI\_ComponentUI\RigidBodyUI">
      <UniqueIdentifier>{749d58f4-bef0-407d-accd-e74ddee304dd}</UniqueIdentifier>
    </Filter>
  </ItemGroup>
  <ItemGroup>
    <ClInclude Include="Client.h">
      <Filter>Default</Filter>
    </ClInclude>
    <ClInclude Include="framework.h">
      <Filter>Default</Filter>
    </ClInclude>
    <ClInclude Include="Resource.h">
      <Filter>Default</Filter>
    </ClInclude>
    <ClInclude Include="targetver.h">
      <Filter>Default</Filter>
    </ClInclude>
    <ClInclude Include="CEditorObjMgr.h">
      <Filter>_Manager\_EditorObjMgr</Filter>
    </ClInclude>
    <ClInclude Include="pch.h">
      <Filter>Default</Filter>
    </ClInclude>
    <ClInclude Include="CGameObjectEx.h">
      <Filter>_Manager\_EditorObjMgr\GameObjectEx</Filter>
    </ClInclude>
    <ClInclude Include="ImGui\imconfig.h">
      <Filter>ImGui</Filter>
    </ClInclude>
    <ClInclude Include="ImGui\imgui.h">
      <Filter>ImGui</Filter>
    </ClInclude>
    <ClInclude Include="ImGui\imgui_internal.h">
      <Filter>ImGui</Filter>
    </ClInclude>
    <ClInclude Include="ImGui\imgui_impl_dx11.h">
      <Filter>ImGui</Filter>
    </ClInclude>
    <ClInclude Include="ImGui\imgui_impl_win32.h">
      <Filter>ImGui</Filter>
    </ClInclude>
    <ClInclude Include="ImGuiMgr.h">
      <Filter>_Manager\ImGuiMgr</Filter>
    </ClInclude>
    <ClInclude Include="UI.h">
      <Filter>_UI</Filter>
    </ClInclude>
    <ClInclude Include="InspectorUI.h">
      <Filter>_UI\_InspectorUI</Filter>
    </ClInclude>
    <ClInclude Include="TransformUI.h">
      <Filter>_UI\_InspectorUI\_ComponentUI\TransformUI</Filter>
    </ClInclude>
    <ClInclude Include="MeshRenderUI.h">
      <Filter>_UI\_InspectorUI\_ComponentUI\MeshRenderUI</Filter>
    </ClInclude>
    <ClInclude Include="CameraUI.h">
      <Filter>_UI\_InspectorUI\_ComponentUI\CameraUI</Filter>
    </ClInclude>
    <ClInclude Include="ListUI.h">
      <Filter>_UI\_Module\ListUI</Filter>
    </ClInclude>
    <ClInclude Include="ContentUI.h">
      <Filter>_UI\ContentUI</Filter>
    </ClInclude>
    <ClInclude Include="TreeUI.h">
      <Filter>_UI\_Module\TreeUI</Filter>
    </ClInclude>
    <ClInclude Include="OutlinerUI.h">
      <Filter>_UI\OutlinerUI</Filter>
    </ClInclude>
    <ClInclude Include="MeshUI.h">
      <Filter>_UI\_InspectorUI\_ResUI\MeshUI</Filter>
    </ClInclude>
    <ClInclude Include="ComputeShaderUI.h">
      <Filter>_UI\_InspectorUI\_ResUI\ComputeShaderUI</Filter>
    </ClInclude>
    <ClInclude Include="GraphicsShaderUI.h">
      <Filter>_UI\_InspectorUI\_ResUI\GraphicsShaderUI</Filter>
    </ClInclude>
    <ClInclude Include="MaterialUI.h">
      <Filter>_UI\_InspectorUI\_ResUI\MaterialUI</Filter>
    </ClInclude>
    <ClInclude Include="MeshDataUI.h">
      <Filter>_UI\_InspectorUI\_ResUI\MeshDataUI</Filter>
    </ClInclude>
    <ClInclude Include="PrefabUI.h">
      <Filter>_UI\_InspectorUI\_ResUI\PrefabUI</Filter>
    </ClInclude>
    <ClInclude Include="SoundUI.h">
      <Filter>_UI\_InspectorUI\_ResUI\SoundUI</Filter>
    </ClInclude>
    <ClInclude Include="ResUI.h">
      <Filter>_UI\_InspectorUI\_ResUI</Filter>
    </ClInclude>
    <ClInclude Include="TextureUI.h">
      <Filter>_UI\_InspectorUI\_ResUI\TextureUI</Filter>
    </ClInclude>
    <ClInclude Include="ParamUI.h">
      <Filter>_UI\_Module\ParamUI</Filter>
    </ClInclude>
    <ClInclude Include="TestLevel.h" />
    <ClInclude Include="MenuUI.h">
      <Filter>_UI\MenuUI</Filter>
    </ClInclude>
    <ClInclude Include="ScriptUI.h">
      <Filter>_UI\_InspectorUI\_ComponentUI\ScriptUI</Filter>
    </ClInclude>
    <ClInclude Include="CLevelSaveLoad.h">
      <Filter>_Manager\LevelSaveLoad</Filter>
    </ClInclude>
    <ClInclude Include="ParticleSystemUI.h">
      <Filter>_UI\_InspectorUI\_ComponentUI\ParticleSystemUI</Filter>
    </ClInclude>
    <ClInclude Include="Light3DUI.h">
      <Filter>_UI\_InspectorUI\_ComponentUI\Light3DUI</Filter>
    </ClInclude>
    <ClInclude Include="Animator3DUI.h">
      <Filter>_UI\_InspectorUI\_ComponentUI\Animator3DUI</Filter>
    </ClInclude>
    <ClInclude Include="LandScapeUI.h">
      <Filter>_UI\_InspectorUI\_ComponentUI\LandScapeUI</Filter>
    </ClInclude>
    <ClInclude Include="DecalUI.h">
      <Filter>_UI\_InspectorUI\_ComponentUI\DecalUI</Filter>
    </ClInclude>
    <ClInclude Include="ManagerInspectorUI.h">
      <Filter>_UI\ManagerInspectorUI</Filter>
    </ClInclude>
    <ClInclude Include="ImGui\imgui_stdlib.h">
      <Filter>ImGui</Filter>
    </ClInclude>
    <ClInclude Include="Collider3DUI.h">
      <Filter>_UI\_InspectorUI\_ComponentUI\Collider3DUI</Filter>
    </ClInclude>
    <ClInclude Include="RigidBodyUI.h">
      <Filter>_UI\_InspectorUI\_ComponentUI\RigidBodyUI</Filter>
    </ClInclude>
    <ClInclude Include="ObjectPickerUI.h">
      <Filter>_UI\ObjectPickerUI</Filter>
    </ClInclude>
    <ClInclude Include="LayerUI.h">
      <Filter>_UI\LayerInspectorUI</Filter>
    </ClInclude>
    <ClInclude Include="CollisionUI.h">
      <Filter>_UI\CollisionUI</Filter>
    </ClInclude>
    <ClInclude Include="SamplerFilterUI.h">
      <Filter>_UI\SamplerFilterUI</Filter>
    </ClInclude>
    <ClInclude Include="DefineAnimationUI.h">
      <Filter>_UI\DefineAnimationUI</Filter>
    </ClInclude>
    <ClInclude Include="ComponentUI.h">
      <Filter>_UI\_InspectorUI\_ComponentUI</Filter>
    </ClInclude>
    <ClInclude Include="RenderUI.h">
      <Filter>_UI\RenderUI</Filter>
    </ClInclude>
    <ClInclude Include="PlacementUI.h">
      <Filter>_UI\PlacementUI</Filter>
    </ClInclude>
  </ItemGroup>
  <ItemGroup>
    <ResourceCompile Include="Client.rc">
      <Filter>리소스 파일</Filter>
    </ResourceCompile>
  </ItemGroup>
  <ItemGroup>
    <Image Include="small.ico">
      <Filter>리소스 파일</Filter>
    </Image>
    <Image Include="Client.ico">
      <Filter>리소스 파일</Filter>
    </Image>
  </ItemGroup>
  <ItemGroup>
    <ClCompile Include="CEditorObjMgr.cpp">
      <Filter>_Manager\_EditorObjMgr</Filter>
    </ClCompile>
    <ClCompile Include="pch.cpp">
      <Filter>Default</Filter>
    </ClCompile>
    <ClCompile Include="CGameObjectEx.cpp">
      <Filter>_Manager\_EditorObjMgr\GameObjectEx</Filter>
    </ClCompile>
    <ClCompile Include="ImGui\imgui.cpp">
      <Filter>ImGui</Filter>
    </ClCompile>
    <ClCompile Include="ImGui\imgui_demo.cpp">
      <Filter>ImGui</Filter>
    </ClCompile>
    <ClCompile Include="ImGui\imgui_draw.cpp">
      <Filter>ImGui</Filter>
    </ClCompile>
    <ClCompile Include="ImGui\imgui_tables.cpp">
      <Filter>ImGui</Filter>
    </ClCompile>
    <ClCompile Include="ImGui\imgui_widgets.cpp">
      <Filter>ImGui</Filter>
    </ClCompile>
    <ClCompile Include="ImGui\imgui_impl_dx11.cpp">
      <Filter>ImGui</Filter>
    </ClCompile>
    <ClCompile Include="ImGui\imgui_impl_win32.cpp">
      <Filter>ImGui</Filter>
    </ClCompile>
    <ClCompile Include="ImGuiMgr.cpp">
      <Filter>_Manager\ImGuiMgr</Filter>
    </ClCompile>
    <ClCompile Include="UI.cpp">
      <Filter>_UI</Filter>
    </ClCompile>
    <ClCompile Include="InspectorUI.cpp">
      <Filter>_UI\_InspectorUI</Filter>
    </ClCompile>
    <ClCompile Include="TransformUI.cpp">
      <Filter>_UI\_InspectorUI\_ComponentUI\TransformUI</Filter>
    </ClCompile>
    <ClCompile Include="MeshRenderUI.cpp">
      <Filter>_UI\_InspectorUI\_ComponentUI\MeshRenderUI</Filter>
    </ClCompile>
    <ClCompile Include="ComponentUI.cpp">
      <Filter>_UI\_InspectorUI\_ComponentUI</Filter>
    </ClCompile>
    <ClCompile Include="CameraUI.cpp">
      <Filter>_UI\_InspectorUI\_ComponentUI\CameraUI</Filter>
    </ClCompile>
    <ClCompile Include="ListUI.cpp">
      <Filter>_UI\_Module\ListUI</Filter>
    </ClCompile>
    <ClCompile Include="ContentUI.cpp">
      <Filter>_UI\ContentUI</Filter>
    </ClCompile>
    <ClCompile Include="OutlinerUI.cpp">
      <Filter>_UI\OutlinerUI</Filter>
    </ClCompile>
    <ClCompile Include="MeshUI.cpp">
      <Filter>_UI\_InspectorUI\_ResUI\MeshUI</Filter>
    </ClCompile>
    <ClCompile Include="ComputeShaderUI.cpp">
      <Filter>_UI\_InspectorUI\_ResUI\ComputeShaderUI</Filter>
    </ClCompile>
    <ClCompile Include="GraphicsShaderUI.cpp">
      <Filter>_UI\_InspectorUI\_ResUI\GraphicsShaderUI</Filter>
    </ClCompile>
    <ClCompile Include="MaterialUI.cpp">
      <Filter>_UI\_InspectorUI\_ResUI\MaterialUI</Filter>
    </ClCompile>
    <ClCompile Include="main.cpp" />
    <ClCompile Include="MeshDataUI.cpp">
      <Filter>_UI\_InspectorUI\_ResUI\MeshDataUI</Filter>
    </ClCompile>
    <ClCompile Include="PrefabUI.cpp">
      <Filter>_UI\_InspectorUI\_ResUI\PrefabUI</Filter>
    </ClCompile>
    <ClCompile Include="SoundUI.cpp">
      <Filter>_UI\_InspectorUI\_ResUI\SoundUI</Filter>
    </ClCompile>
    <ClCompile Include="ResUI.cpp">
      <Filter>_UI\_InspectorUI\_ResUI</Filter>
    </ClCompile>
    <ClCompile Include="TextureUI.cpp">
      <Filter>_UI\_InspectorUI\_ResUI\TextureUI</Filter>
    </ClCompile>
    <ClCompile Include="TreeUI.cpp">
      <Filter>_UI\_Module\TreeUI</Filter>
    </ClCompile>
    <ClCompile Include="ParamUI.cpp">
      <Filter>_UI\_Module\ParamUI</Filter>
    </ClCompile>
    <ClCompile Include="TestLevel.cpp" />
    <ClCompile Include="MenuUI.cpp">
      <Filter>_UI\MenuUI</Filter>
    </ClCompile>
    <ClCompile Include="ScriptUI.cpp">
      <Filter>_UI\_InspectorUI\_ComponentUI\ScriptUI</Filter>
    </ClCompile>
    <ClCompile Include="CLevelSaveLoad.cpp">
      <Filter>_Manager\LevelSaveLoad</Filter>
    </ClCompile>
    <ClCompile Include="ParticleSystemUI.cpp">
      <Filter>_UI\_InspectorUI\_ComponentUI\ParticleSystemUI</Filter>
    </ClCompile>
    <ClCompile Include="Light3DUI.cpp">
      <Filter>_UI\_InspectorUI\_ComponentUI\Light3DUI</Filter>
    </ClCompile>
    <ClCompile Include="Animator3DUI.cpp">
      <Filter>_UI\_InspectorUI\_ComponentUI\Animator3DUI</Filter>
    </ClCompile>
    <ClCompile Include="LandScapeUI.cpp">
      <Filter>_UI\_InspectorUI\_ComponentUI\LandScapeUI</Filter>
    </ClCompile>
    <ClCompile Include="DecalUI.cpp">
      <Filter>_UI\_InspectorUI\_ComponentUI\DecalUI</Filter>
    </ClCompile>
    <ClCompile Include="ManagerInspectorUI.cpp">
      <Filter>_UI\ManagerInspectorUI</Filter>
    </ClCompile>
    <ClCompile Include="ImGui\imgui_stdlib.cpp">
      <Filter>ImGui</Filter>
    </ClCompile>
    <ClCompile Include="Collider3DUI.cpp">
      <Filter>_UI\_InspectorUI\_ComponentUI\Collider3DUI</Filter>
    </ClCompile>
    <ClCompile Include="RigidBodyUI.cpp">
      <Filter>_UI\_InspectorUI\_ComponentUI\RigidBodyUI</Filter>
    </ClCompile>
    <ClCompile Include="ObjectPickerUI.cpp">
      <Filter>_UI\ObjectPickerUI</Filter>
    </ClCompile>
    <ClCompile Include="LayerUI.cpp">
      <Filter>_UI\LayerInspectorUI</Filter>
    </ClCompile>
    <ClCompile Include="CollisionUI.cpp">
      <Filter>_UI\CollisionUI</Filter>
    </ClCompile>
    <ClCompile Include="SamplerFilterUI.cpp">
      <Filter>_UI\SamplerFilterUI</Filter>
    </ClCompile>
    <ClCompile Include="DefineAnimationUI.cpp">
      <Filter>_UI\DefineAnimationUI</Filter>
    </ClCompile>
    <ClCompile Include="RenderUI.cpp">
      <Filter>_UI\RenderUI</Filter>
    </ClCompile>
    <ClCompile Include="PlacementUI.cpp">
      <Filter>_UI\PlacementUI</Filter>
    </ClCompile>
  </ItemGroup>
</Project>