<?xml version="1.0" encoding="utf-8"?>
<Project ToolsVersion="4.0" xmlns="http://schemas.microsoft.com/developer/msbuild/2003">
  <ItemGroup>
    <ClInclude Include="framework.h">
      <Filter>Default</Filter>
    </ClInclude>
    <ClInclude Include="pch.h">
      <Filter>Default</Filter>
    </ClInclude>
    <ClInclude Include="global.h">
      <Filter>Source\Header</Filter>
    </ClInclude>
    <ClInclude Include="define.h">
      <Filter>Source\Header</Filter>
    </ClInclude>
    <ClInclude Include="struct.h">
      <Filter>Source\Header</Filter>
    </ClInclude>
    <ClInclude Include="func.h">
      <Filter>Source\Header</Filter>
    </ClInclude>
    <ClInclude Include="CEngine.h">
      <Filter>Source\Engine</Filter>
    </ClInclude>
    <ClInclude Include="CSingleton.h">
      <Filter>Source\Module</Filter>
    </ClInclude>
    <ClInclude Include="CDevice.h">
      <Filter>Source\Device</Filter>
    </ClInclude>
    <ClInclude Include="SimpleMath.h">
      <Filter>Source\Module\SimpleMath</Filter>
    </ClInclude>
    <ClInclude Include="CPathMgr.h">
      <Filter>Source\Manager\PathMgr</Filter>
    </ClInclude>
    <ClInclude Include="CKeyMgr.h">
      <Filter>Source\Manager\KeyMgr</Filter>
    </ClInclude>
    <ClInclude Include="CTimeMgr.h">
      <Filter>Source\Manager\TimeMgr</Filter>
    </ClInclude>
    <ClInclude Include="CGameObject.h">
      <Filter>Source\GameObject</Filter>
    </ClInclude>
    <ClInclude Include="CComponent.h">
      <Filter>Source\Component</Filter>
    </ClInclude>
    <ClInclude Include="CEntity.h">
      <Filter>Source</Filter>
    </ClInclude>
    <ClInclude Include="CTransform.h">
      <Filter>Source\Component\Transform</Filter>
    </ClInclude>
    <ClInclude Include="CMeshRender.h">
      <Filter>Source\Component\RenderComponent\MeshRender</Filter>
    </ClInclude>
    <ClInclude Include="CRes.h">
      <Filter>Source\Resource</Filter>
    </ClInclude>
    <ClInclude Include="CMesh.h">
      <Filter>Source\Resource\Mesh</Filter>
    </ClInclude>
    <ClInclude Include="CShader.h">
      <Filter>Source\Resource\Shader</Filter>
    </ClInclude>
    <ClInclude Include="CGraphicsShader.h">
      <Filter>Source\Resource\Shader\GraphicsShader</Filter>
    </ClInclude>
    <ClInclude Include="CScript.h">
      <Filter>Source\Component\Script</Filter>
    </ClInclude>
    <ClInclude Include="CConstBuffer.h">
      <Filter>Source\Device\ConstantBuffer</Filter>
    </ClInclude>
    <ClInclude Include="CLevelMgr.h">
      <Filter>Source\Manager\LevelMgr</Filter>
    </ClInclude>
    <ClInclude Include="CResMgr.h">
      <Filter>Source\Manager\ResMgr</Filter>
    </ClInclude>
    <ClInclude Include="ptr.h">
      <Filter>Source\Manager\ResMgr</Filter>
    </ClInclude>
    <ClInclude Include="CLevel.h">
      <Filter>Source\Level</Filter>
    </ClInclude>
    <ClInclude Include="CTexture.h">
      <Filter>Source\Resource\Texture</Filter>
    </ClInclude>
    <ClInclude Include="CMaterial.h">
      <Filter>Source\Resource\Material</Filter>
    </ClInclude>
    <ClInclude Include="CCamera.h">
      <Filter>Source\Component\Camera</Filter>
    </ClInclude>
    <ClInclude Include="components.h">
      <Filter>Source\Header</Filter>
    </ClInclude>
    <ClInclude Include="CRenderMgr.h">
      <Filter>Source\Manager\RenderMgr</Filter>
    </ClInclude>
    <ClInclude Include="CRenderComponent.h">
      <Filter>Source\Component\RenderComponent</Filter>
    </ClInclude>
    <ClInclude Include="CEventMgr.h">
      <Filter>Source\Manager\EventMgr</Filter>
    </ClInclude>
    <ClInclude Include="CPrefab.h">
      <Filter>Source\Resource\Prefab</Filter>
    </ClInclude>
    <ClInclude Include="CCollider2D.h">
      <Filter>Source\Component\Collider2D</Filter>
    </ClInclude>
    <ClInclude Include="CCollisionMgr.h">
      <Filter>Source\Manager\CollisionMgr</Filter>
    </ClInclude>
    <ClInclude Include="CLight2D.h">
      <Filter>Source\Component\Light2D</Filter>
    </ClInclude>
    <ClInclude Include="CStructuredBuffer.h">
      <Filter>Source\Device\StructuredBuffer</Filter>
    </ClInclude>
    <ClInclude Include="CTileMap.h">
      <Filter>Source\Component\RenderComponent\TileMap</Filter>
    </ClInclude>
    <ClInclude Include="CAnimator2D.h">
      <Filter>Source\Component\Animator2D</Filter>
    </ClInclude>
    <ClInclude Include="CAnim2D.h">
      <Filter>Source\Component\Animator2D</Filter>
    </ClInclude>
    <ClInclude Include="CComputeShader.h">
      <Filter>Source\Resource\Shader\ComputeShader</Filter>
    </ClInclude>
    <ClInclude Include="CSetColorShader.h">
      <Filter>Source\ShaderCode\Compute Shader\SetColor</Filter>
    </ClInclude>
    <ClInclude Include="CParticleSystem.h">
      <Filter>Source\Component\RenderComponent\ParticleSystem</Filter>
    </ClInclude>
    <ClInclude Include="CParticleUpdateShader.h">
      <Filter>Source\ShaderCode\Compute Shader\ParticleUpdate</Filter>
    </ClInclude>
    <ClInclude Include="CSound.h">
      <Filter>Source\Resource\Sound</Filter>
    </ClInclude>
    <ClInclude Include="CFontMgr.h">
      <Filter>Source\Manager\FontMgr</Filter>
    </ClInclude>
    <ClInclude Include="MouseMgr.h">
      <Filter>Source\Manager\MouseMgr</Filter>
    </ClInclude>
    <ClInclude Include="CLight3D.h">
      <Filter>Source\Component\Light3D</Filter>
    </ClInclude>
    <ClInclude Include="mFBXLoader.h">
      <Filter>Source\Module\FBXLoader</Filter>
    </ClInclude>
    <ClInclude Include="CSkyBox.h">
      <Filter>Source\Component\RenderComponent\SkyBox</Filter>
    </ClInclude>
    <ClInclude Include="mMRT.h">
      <Filter>Source\Device\MRT</Filter>
    </ClInclude>
    <ClInclude Include="CDecal.h">
      <Filter>Source\Component\RenderComponent\Decal</Filter>
    </ClInclude>
    <ClInclude Include="KeyUseInfoMgr.h">
      <Filter>Source\Manager\KeyUseInfoMgr</Filter>
    </ClInclude>
    <ClInclude Include="CAnimation3DShader.h">
      <Filter>Source\ShaderCode\Compute Shader\Animation3DShader</Filter>
    </ClInclude>
    <ClInclude Include="CAnimator3D.h">
      <Filter>Source\Component\Animator3D</Filter>
    </ClInclude>
    <ClInclude Include="CMeshData.h">
      <Filter>Source\Resource\MeshData</Filter>
    </ClInclude>
    <ClInclude Include="CFrustum.h">
      <Filter>Source\Component\Frustum</Filter>
    </ClInclude>
    <ClInclude Include="CAnimClip.h">
      <Filter>Source\Component\Animator3D</Filter>
    </ClInclude>
    <ClInclude Include="LUT_Animation.h">
      <Filter>LookUpTables</Filter>
    </ClInclude>
    <ClInclude Include="CLayer.h">
      <Filter>Source\Level\Layer</Filter>
    </ClInclude>
    <ClInclude Include="CLandScape.h">
      <Filter>Source\Component\RenderComponent\Landscape</Filter>
    </ClInclude>
    <ClInclude Include="PhysXT.h">
      <Filter>Source\PhysX</Filter>
    </ClInclude>
    <ClInclude Include="physx_imm_utils.h">
      <Filter>Source\PhysX</Filter>
    </ClInclude>
    <ClInclude Include="physx_util.h">
      <Filter>Source\PhysX</Filter>
    </ClInclude>
    <ClInclude Include="CRayCastShader.h">
      <Filter>Source\ShaderCode\Compute Shader\RayCastShader</Filter>
    </ClInclude>
    <ClInclude Include="CHeightMapShader.h">
      <Filter>Source\ShaderCode\Compute Shader\HeightMapShader</Filter>
    </ClInclude>
    <ClInclude Include="CColorMapShader.h">
      <Filter>Source\ShaderCode\Compute Shader\ColorMapShader</Filter>
    </ClInclude>
    <ClInclude Include="CWeightMapShader.h">
      <Filter>Source\ShaderCode\Compute Shader\WeightMapShader</Filter>
    </ClInclude>
    <ClInclude Include="CPathFind.h">
      <Filter>Source\Component\PathFind</Filter>
    </ClInclude>
    <ClInclude Include="CLandScapePathShader.h">
      <Filter>Source\ShaderCode\Compute Shader\LandScapePathShader</Filter>
    </ClInclude>
  </ItemGroup>
  <ItemGroup>
    <ClCompile Include="Engine.cpp">
      <Filter>Default</Filter>
    </ClCompile>
    <ClCompile Include="pch.cpp">
      <Filter>Default</Filter>
    </ClCompile>
    <ClCompile Include="CEngine.cpp">
      <Filter>Source\Engine</Filter>
    </ClCompile>
    <ClCompile Include="CDevice.cpp">
      <Filter>Source\Device</Filter>
    </ClCompile>
    <ClCompile Include="CPathMgr.cpp">
      <Filter>Source\Manager\PathMgr</Filter>
    </ClCompile>
    <ClCompile Include="CKeyMgr.cpp">
      <Filter>Source\Manager\KeyMgr</Filter>
    </ClCompile>
    <ClCompile Include="CTimeMgr.cpp">
      <Filter>Source\Manager\TimeMgr</Filter>
    </ClCompile>
    <ClCompile Include="CGameObject.cpp">
      <Filter>Source\GameObject</Filter>
    </ClCompile>
    <ClCompile Include="CComponent.cpp">
      <Filter>Source\Component</Filter>
    </ClCompile>
    <ClCompile Include="CEntity.cpp">
      <Filter>Source</Filter>
    </ClCompile>
    <ClCompile Include="CTransform.cpp">
      <Filter>Source\Component\Transform</Filter>
    </ClCompile>
    <ClCompile Include="CMeshRender.cpp">
      <Filter>Source\Component\RenderComponent\MeshRender</Filter>
    </ClCompile>
    <ClCompile Include="CRes.cpp">
      <Filter>Source\Resource</Filter>
    </ClCompile>
    <ClCompile Include="CMesh.cpp">
      <Filter>Source\Resource\Mesh</Filter>
    </ClCompile>
    <ClCompile Include="CShader.cpp">
      <Filter>Source\Resource\Shader</Filter>
    </ClCompile>
    <ClCompile Include="CGraphicsShader.cpp">
      <Filter>Source\Resource\Shader\GraphicsShader</Filter>
    </ClCompile>
    <ClCompile Include="CScript.cpp">
      <Filter>Source\Component\Script</Filter>
    </ClCompile>
    <ClCompile Include="CConstBuffer.cpp">
      <Filter>Source\Device\ConstantBuffer</Filter>
    </ClCompile>
    <ClCompile Include="CLevelMgr.cpp">
      <Filter>Source\Manager\LevelMgr</Filter>
    </ClCompile>
    <ClCompile Include="CResMgr.cpp">
      <Filter>Source\Manager\ResMgr</Filter>
    </ClCompile>
    <ClCompile Include="CLevel.cpp">
      <Filter>Source\Level</Filter>
    </ClCompile>
    <ClCompile Include="CTexture.cpp">
      <Filter>Source\Resource\Texture</Filter>
    </ClCompile>
    <ClCompile Include="CMaterial.cpp">
      <Filter>Source\Resource\Material</Filter>
    </ClCompile>
    <ClCompile Include="CCamera.cpp">
      <Filter>Source\Component\Camera</Filter>
    </ClCompile>
    <ClCompile Include="extern.cpp">
      <Filter>Source\Header</Filter>
    </ClCompile>
    <ClCompile Include="CRenderMgr.cpp">
      <Filter>Source\Manager\RenderMgr</Filter>
    </ClCompile>
    <ClCompile Include="CRenderComponent.cpp">
      <Filter>Source\Component\RenderComponent</Filter>
    </ClCompile>
    <ClCompile Include="CEventMgr.cpp">
      <Filter>Source\Manager\EventMgr</Filter>
    </ClCompile>
    <ClCompile Include="CPrefab.cpp">
      <Filter>Source\Resource\Prefab</Filter>
    </ClCompile>
    <ClCompile Include="CCollider2D.cpp">
      <Filter>Source\Component\Collider2D</Filter>
    </ClCompile>
    <ClCompile Include="CCollisionMgr.cpp">
      <Filter>Source\Manager\CollisionMgr</Filter>
    </ClCompile>
    <ClCompile Include="func.cpp">
      <Filter>Source\Header</Filter>
    </ClCompile>
    <ClCompile Include="CLight2D.cpp">
      <Filter>Source\Component\Light2D</Filter>
    </ClCompile>
    <ClCompile Include="CStructuredBuffer.cpp">
      <Filter>Source\Device\StructuredBuffer</Filter>
    </ClCompile>
    <ClCompile Include="CTileMap.cpp">
      <Filter>Source\Component\RenderComponent\TileMap</Filter>
    </ClCompile>
    <ClCompile Include="CAnimator2D.cpp">
      <Filter>Source\Component\Animator2D</Filter>
    </ClCompile>
    <ClCompile Include="CAnim2D.cpp">
      <Filter>Source\Component\Animator2D</Filter>
    </ClCompile>
    <ClCompile Include="CComputeShader.cpp">
      <Filter>Source\Resource\Shader\ComputeShader</Filter>
    </ClCompile>
    <ClCompile Include="CSetColorShader.cpp">
      <Filter>Source\ShaderCode\Compute Shader\SetColor</Filter>
    </ClCompile>
    <ClCompile Include="CParticleSystem.cpp">
      <Filter>Source\Component\RenderComponent\ParticleSystem</Filter>
    </ClCompile>
    <ClCompile Include="CParticleUpdateShader.cpp">
      <Filter>Source\ShaderCode\Compute Shader\ParticleUpdate</Filter>
    </ClCompile>
    <ClCompile Include="CSound.cpp">
      <Filter>Source\Resource\Sound</Filter>
    </ClCompile>
    <ClCompile Include="CFontMgr.cpp">
      <Filter>Source\Manager\FontMgr</Filter>
    </ClCompile>
    <ClCompile Include="MouseMgr.cpp">
      <Filter>Source\Manager\MouseMgr</Filter>
    </ClCompile>
    <ClCompile Include="CLight3D.cpp">
      <Filter>Source\Component\Light3D</Filter>
    </ClCompile>
    <ClCompile Include="mFBXLoader.cpp">
      <Filter>Source\Module\FBXLoader</Filter>
    </ClCompile>
    <ClCompile Include="CSkyBox.cpp">
      <Filter>Source\Component\RenderComponent\SkyBox</Filter>
    </ClCompile>
    <ClCompile Include="mMRT.cpp">
      <Filter>Source\Device\MRT</Filter>
    </ClCompile>
    <ClCompile Include="CDecal.cpp">
      <Filter>Source\Component\RenderComponent\Decal</Filter>
    </ClCompile>
    <ClCompile Include="KeyUseInfoMgr.cpp">
      <Filter>Source\Manager\KeyUseInfoMgr</Filter>
    </ClCompile>
    <ClCompile Include="CAnimation3DShader.cpp">
      <Filter>Source\ShaderCode\Compute Shader\Animation3DShader</Filter>
    </ClCompile>
    <ClCompile Include="CAnimator3D.cpp">
      <Filter>Source\Component\Animator3D</Filter>
    </ClCompile>
    <ClCompile Include="CMeshData.cpp">
      <Filter>Source\Resource\MeshData</Filter>
    </ClCompile>
    <ClCompile Include="CFrustum.cpp">
      <Filter>Source\Component\Frustum</Filter>
    </ClCompile>
    <ClCompile Include="CAnimClip.cpp">
      <Filter>Source\Component\Animator3D</Filter>
    </ClCompile>
    <ClCompile Include="CLayer.cpp">
      <Filter>Source\Level\Layer</Filter>
    </ClCompile>
    <ClCompile Include="CLandScape.cpp">
      <Filter>Source\Component\RenderComponent\Landscape</Filter>
    </ClCompile>
    <ClCompile Include="PhysXT.cpp">
      <Filter>Source\PhysX</Filter>
    </ClCompile>
    <ClCompile Include="physx_imm_utils.cpp">
      <Filter>Source\PhysX</Filter>
    </ClCompile>
    <ClCompile Include="physx_util.cpp">
      <Filter>Source\PhysX</Filter>
    </ClCompile>
    <ClCompile Include="CRayCastShader.cpp">
      <Filter>Source\ShaderCode\Compute Shader\RayCastShader</Filter>
    </ClCompile>
    <ClCompile Include="CHeightMapShader.cpp">
      <Filter>Source\ShaderCode\Compute Shader\HeightMapShader</Filter>
    </ClCompile>
    <ClCompile Include="CColorMapShader.cpp">
      <Filter>Source\ShaderCode\Compute Shader\ColorMapShader</Filter>
    </ClCompile>
    <ClCompile Include="CWeightMapShader.cpp">
      <Filter>Source\ShaderCode\Compute Shader\WeightMapShader</Filter>
    </ClCompile>
    <ClCompile Include="CPathFind.cpp">
      <Filter>Source\Component\PathFind</Filter>
    </ClCompile>
    <ClCompile Include="CLandScapePathShader.cpp">
      <Filter>Source\ShaderCode\Compute Shader\LandScapePathShader</Filter>
    </ClCompile>
  </ItemGroup>
  <ItemGroup>
    <Filter Include="Default">
      <UniqueIdentifier>{bf35e007-92a1-401c-bb41-cafe9c4fd5e1}</UniqueIdentifier>
    </Filter>
    <Filter Include="Source">
      <UniqueIdentifier>{f7c4fb8b-3b9f-43d1-af3b-ecee090c360c}</UniqueIdentifier>
    </Filter>
    <Filter Include="Source\Header">
      <UniqueIdentifier>{c5e19d51-b47f-4a43-8e10-8ff0062f5fb1}</UniqueIdentifier>
    </Filter>
    <Filter Include="Source\Engine">
      <UniqueIdentifier>{cd444e0e-d969-4391-b8f7-fece5daf0bc0}</UniqueIdentifier>
    </Filter>
    <Filter Include="Source\Device">
      <UniqueIdentifier>{769ff45f-aa32-458a-9282-19906e3c14c5}</UniqueIdentifier>
    </Filter>
    <Filter Include="Source\Device\StructuredBuffer">
      <UniqueIdentifier>{4133d464-b1f7-4ff4-b41c-071f2f05dc08}</UniqueIdentifier>
    </Filter>
    <Filter Include="Source\Manager">
      <UniqueIdentifier>{ff80abf2-a382-43db-9139-bdb15da13dc5}</UniqueIdentifier>
    </Filter>
    <Filter Include="Source\Manager\MouseMgr">
      <UniqueIdentifier>{c1634c98-f0bd-40b7-83dd-ac4f8c9ca7cd}</UniqueIdentifier>
    </Filter>
    <Filter Include="Source\Manager\PathMgr">
      <UniqueIdentifier>{2aa9b216-f75e-4630-9d44-09e348de8ac2}</UniqueIdentifier>
    </Filter>
    <Filter Include="Source\Manager\KeyMgr">
      <UniqueIdentifier>{02aa0ad4-b3bd-4a3a-9f2b-86e403b21394}</UniqueIdentifier>
    </Filter>
    <Filter Include="Source\Manager\TimeMgr">
      <UniqueIdentifier>{aa8c912d-bf14-485e-9725-ea658382287f}</UniqueIdentifier>
    </Filter>
    <Filter Include="Source\Manager\LevelMgr">
      <UniqueIdentifier>{b1764c9e-7279-4948-b236-fc6fd24bbc07}</UniqueIdentifier>
    </Filter>
    <Filter Include="Source\Manager\ResMgr">
      <UniqueIdentifier>{f1be8e7f-adbe-4ebe-bfd9-d80b27fba88a}</UniqueIdentifier>
    </Filter>
    <Filter Include="Source\Manager\RenderMgr">
      <UniqueIdentifier>{90675cab-88f2-42d9-bb02-95bcbd85a7f3}</UniqueIdentifier>
    </Filter>
    <Filter Include="Source\Manager\CollisionMgr">
      <UniqueIdentifier>{233a4c00-46c3-4613-8f0a-479f30314f25}</UniqueIdentifier>
    </Filter>
    <Filter Include="Source\Manager\EventMgr">
      <UniqueIdentifier>{0a343449-42c4-40a1-847b-895444053100}</UniqueIdentifier>
    </Filter>
    <Filter Include="Source\Manager\FontMgr">
      <UniqueIdentifier>{b1a42f85-f96c-490d-a570-365243b1a620}</UniqueIdentifier>
    </Filter>
    <Filter Include="Source\Level">
      <UniqueIdentifier>{c83961ef-cb2c-4f0d-bbc4-ffd708a2bf4b}</UniqueIdentifier>
    </Filter>
    <Filter Include="Source\GameObject">
      <UniqueIdentifier>{c8caa982-e753-4824-b0f1-dc97ebec0e80}</UniqueIdentifier>
    </Filter>
    <Filter Include="Source\Component">
      <UniqueIdentifier>{687dc90e-c2c0-4507-bd5e-153a25cd4d38}</UniqueIdentifier>
    </Filter>
    <Filter Include="Source\Component\Script">
      <UniqueIdentifier>{ca120d65-a3f9-4d3c-9f9d-b9642fb0c222}</UniqueIdentifier>
    </Filter>
    <Filter Include="Source\Component\RenderComponent">
      <UniqueIdentifier>{9cecd8a1-3634-4969-8ff0-3dbca52469cd}</UniqueIdentifier>
    </Filter>
    <Filter Include="Source\Component\Transform">
      <UniqueIdentifier>{d0e54e64-2aaa-4fe6-babe-d15fd49d6a77}</UniqueIdentifier>
    </Filter>
    <Filter Include="Source\Component\Collider2D">
      <UniqueIdentifier>{95818b5c-89c4-4cb1-a32b-1d06f120f939}</UniqueIdentifier>
    </Filter>
    <Filter Include="Source\Component\Camera">
      <UniqueIdentifier>{79af7ea9-0e2d-45fe-a008-5042fdc0754c}</UniqueIdentifier>
    </Filter>
    <Filter Include="Source\Component\Light2D">
      <UniqueIdentifier>{47977f3b-3e69-4e3d-bf03-c87abe9f355c}</UniqueIdentifier>
    </Filter>
    <Filter Include="Source\Component\Animator2D">
      <UniqueIdentifier>{7d787944-7b75-432b-91a9-8452604ba075}</UniqueIdentifier>
    </Filter>
    <Filter Include="Source\Component\RenderComponent\MeshRender">
      <UniqueIdentifier>{3dd66862-9fa0-441f-8888-fa938d05bdbb}</UniqueIdentifier>
    </Filter>
    <Filter Include="Source\Component\RenderComponent\ParticleSystem">
      <UniqueIdentifier>{ddedfa9d-149c-436d-ba74-99ef2cbf0457}</UniqueIdentifier>
    </Filter>
    <Filter Include="Source\Component\RenderComponent\TileMap">
      <UniqueIdentifier>{a31ec3b6-9833-48c1-95cf-2ec5f761508b}</UniqueIdentifier>
    </Filter>
    <Filter Include="Source\Component\RenderComponent\Decal">
      <UniqueIdentifier>{77837a5b-9428-40ac-b78f-5ecbda8d05d1}</UniqueIdentifier>
    </Filter>
    <Filter Include="Source\Component\RenderComponent\Landscape">
      <UniqueIdentifier>{f136de34-cd33-45d6-be6a-5fb4de15646b}</UniqueIdentifier>
    </Filter>
    <Filter Include="Source\Resource">
      <UniqueIdentifier>{a860b8d2-329c-422a-a7a0-3aee123c6fac}</UniqueIdentifier>
    </Filter>
    <Filter Include="Source\Resource\Mesh">
      <UniqueIdentifier>{98d8b7a9-5e30-463b-b888-4a0db5b8e3fd}</UniqueIdentifier>
    </Filter>
    <Filter Include="Source\Resource\Texture">
      <UniqueIdentifier>{f20c6b68-728b-42b4-9114-c4c2341a3724}</UniqueIdentifier>
    </Filter>
    <Filter Include="Source\Resource\Material">
      <UniqueIdentifier>{0b17e6e3-55e9-4cc1-b5f2-0dd2feb32f11}</UniqueIdentifier>
    </Filter>
    <Filter Include="Source\Resource\Shader">
      <UniqueIdentifier>{e3a93cb0-2193-4edb-9282-39a46638bc54}</UniqueIdentifier>
    </Filter>
    <Filter Include="Source\Resource\Shader\GraphicsShader">
      <UniqueIdentifier>{2be1bcef-219d-4d84-9a98-97384469b7c8}</UniqueIdentifier>
    </Filter>
    <Filter Include="Source\Resource\Shader\ComputeShader">
      <UniqueIdentifier>{e151f217-81da-4353-bbc5-512b81b26bc0}</UniqueIdentifier>
    </Filter>
    <Filter Include="Source\Resource\Prefab">
      <UniqueIdentifier>{bb3a4eec-2ba4-4576-8eac-788c0ab1f9c9}</UniqueIdentifier>
    </Filter>
    <Filter Include="Source\Resource\Sound">
      <UniqueIdentifier>{b9f5ccf0-29ca-426a-bdea-c608a8101be7}</UniqueIdentifier>
    </Filter>
    <Filter Include="Source\ShaderCode">
      <UniqueIdentifier>{7bae9d30-a4aa-4ff1-abdc-5ed8dcbd21ce}</UniqueIdentifier>
    </Filter>
    <Filter Include="Source\Module">
      <UniqueIdentifier>{77da0800-3a79-4f9b-aa08-9bf7e06d17d5}</UniqueIdentifier>
    </Filter>
    <Filter Include="Source\Module\SimpleMath">
      <UniqueIdentifier>{c3fbf7d1-977b-4a8d-916b-bc3be792b42f}</UniqueIdentifier>
    </Filter>
    <Filter Include="Source\Device\ConstantBuffer">
      <UniqueIdentifier>{57b55dc8-c509-4d81-8671-8f3269f50b93}</UniqueIdentifier>
    </Filter>
    <Filter Include="Source\Module\FBXLoader">
      <UniqueIdentifier>{6226bc65-6ee8-497c-878f-d756d80899ca}</UniqueIdentifier>
    </Filter>
    <Filter Include="Source\Component\Light3D">
      <UniqueIdentifier>{e0ae0fa9-a23b-4fa8-a44a-caf0c9601287}</UniqueIdentifier>
    </Filter>
    <Filter Include="Source\Component\RenderComponent\SkyBox">
      <UniqueIdentifier>{aa5c1e42-00cd-42e9-b802-bb4ee817b382}</UniqueIdentifier>
    </Filter>
    <Filter Include="Source\Device\MRT">
      <UniqueIdentifier>{14024dff-86f9-4d03-a98b-e625ac49e880}</UniqueIdentifier>
    </Filter>
    <Filter Include="Source\Manager\KeyUseInfoMgr">
      <UniqueIdentifier>{6ceaf409-5b31-4491-8c78-9484062661c6}</UniqueIdentifier>
    </Filter>
    <Filter Include="Source\Component\Frustum">
      <UniqueIdentifier>{6782d552-3184-475d-976b-5642054ec6b9}</UniqueIdentifier>
    </Filter>
    <Filter Include="Source\Resource\MeshData">
      <UniqueIdentifier>{374b666a-6dfa-4a92-a299-a57fb8f6c84a}</UniqueIdentifier>
    </Filter>
    <Filter Include="Source\Component\Animator3D">
      <UniqueIdentifier>{260d6af3-3796-49d3-9bd0-45266202ab2d}</UniqueIdentifier>
    </Filter>
    <Filter Include="LookUpTables">
      <UniqueIdentifier>{ff74bcc9-a3b3-4efc-95b0-17c28faa0925}</UniqueIdentifier>
    </Filter>
    <Filter Include="Source\Level\Layer">
      <UniqueIdentifier>{f6b9e83d-6b5b-4550-b900-3ac0429c43b5}</UniqueIdentifier>
    </Filter>
    <Filter Include="Source\Component\PathFind">
      <UniqueIdentifier>{253e45a2-14db-482c-b27f-8aea8b8dc3dd}</UniqueIdentifier>
    </Filter>
    <Filter Include="Source\PhysX">
      <UniqueIdentifier>{7e9d8349-0d65-4b7d-a91a-c65bac473573}</UniqueIdentifier>
    </Filter>
    <Filter Include="Source\ShaderCode\Compute Shader">
      <UniqueIdentifier>{e7e58685-e989-40bc-92c9-4f79bf523b39}</UniqueIdentifier>
    </Filter>
    <Filter Include="Source\ShaderCode\Compute Shader\SetColor">
      <UniqueIdentifier>{10f44ac0-4d7c-466f-8168-e9649d728a5f}</UniqueIdentifier>
    </Filter>
    <Filter Include="Source\ShaderCode\Compute Shader\ParticleUpdate">
      <UniqueIdentifier>{12834beb-ba3f-4987-aee4-cf905f38179d}</UniqueIdentifier>
    </Filter>
    <Filter Include="Source\ShaderCode\Compute Shader\RayCastShader">
      <UniqueIdentifier>{794f2ff5-7da5-4ce6-87ea-30051c6a6007}</UniqueIdentifier>
    </Filter>
    <Filter Include="Source\ShaderCode\Compute Shader\Animation3DShader">
      <UniqueIdentifier>{47d7770c-d818-460a-94bd-566bb181cac2}</UniqueIdentifier>
    </Filter>
    <Filter Include="Source\ShaderCode\Compute Shader\ColorMapShader">
      <UniqueIdentifier>{3c0a2b6b-07ad-4210-a170-fd1a9d1fb3fb}</UniqueIdentifier>
    </Filter>
    <Filter Include="Source\ShaderCode\Compute Shader\HeightMapShader">
      <UniqueIdentifier>{84e34483-be87-4f71-8599-3e7b71e2eadf}</UniqueIdentifier>
    </Filter>
    <Filter Include="Source\ShaderCode\Compute Shader\WeightMapShader">
      <UniqueIdentifier>{68f83462-b4d8-4d1a-b934-5abf68f8409f}</UniqueIdentifier>
    </Filter>
    <Filter Include="Source\ShaderCode\Compute Shader\LandScapePathShader">
      <UniqueIdentifier>{6f3947b0-018a-433e-9e77-d7f6046c59ef}</UniqueIdentifier>
    </Filter>
  </ItemGroup>
  <ItemGroup>
    <None Include="cpp.hint" />
    <None Include="SimpleMath.inl">
      <Filter>Source\Module\SimpleMath</Filter>
    </None>
  </ItemGroup>
  <ItemGroup>
    <FxCompile Include="value.fx">
      <Filter>Source\ShaderCode</Filter>
    </FxCompile>
    <FxCompile Include="std2d.fx">
      <Filter>Source\ShaderCode</Filter>
    </FxCompile>
    <FxCompile Include="debugshape.fx">
      <Filter>Source\ShaderCode</Filter>
    </FxCompile>
    <FxCompile Include="struct.fx">
      <Filter>Source\ShaderCode</Filter>
    </FxCompile>
    <FxCompile Include="func.fx">
      <Filter>Source\ShaderCode</Filter>
    </FxCompile>
    <FxCompile Include="tilemap.fx">
      <Filter>Source\ShaderCode</Filter>
    </FxCompile>
    <FxCompile Include="setcolor.fx">
      <Filter>Source\ShaderCode\Compute Shader\SetColor</Filter>
    </FxCompile>
    <FxCompile Include="particle_update.fx">
      <Filter>Source\ShaderCode\Compute Shader\ParticleUpdate</Filter>
    </FxCompile>
    <FxCompile Include="particle_render.fx">
      <Filter>Source\ShaderCode</Filter>
    </FxCompile>
    <FxCompile Include="postprocess.fx">
      <Filter>Source\ShaderCode</Filter>
    </FxCompile>
    <FxCompile Include="test.fx">
      <Filter>Source\ShaderCode</Filter>
    </FxCompile>
    <FxCompile Include="std3d.fx">
      <Filter>Source\ShaderCode</Filter>
    </FxCompile>
    <FxCompile Include="skybox.fx">
      <Filter>Source\ShaderCode</Filter>
    </FxCompile>
    <FxCompile Include="decal.fx">
      <Filter>Source\ShaderCode</Filter>
    </FxCompile>
    <FxCompile Include="std3d_deferred.fx">
      <Filter>Source\ShaderCode</Filter>
    </FxCompile>
    <FxCompile Include="light.fx">
      <Filter>Source\ShaderCode</Filter>
    </FxCompile>
    <FxCompile Include="planet3d_deferred.fx">
      <Filter>Source\ShaderCode</Filter>
    </FxCompile>
    <FxCompile Include="area_decal.fx">
      <Filter>Source\ShaderCode</Filter>
    </FxCompile>
    <FxCompile Include="tess.fx">
      <Filter>Source\ShaderCode</Filter>
    </FxCompile>
    <FxCompile Include="animation3d.fx">
      <Filter>Source\ShaderCode</Filter>
    </FxCompile>
    <FxCompile Include="landscape.fx">
      <Filter>Source\ShaderCode</Filter>
    </FxCompile>
    <FxCompile Include="raycast.fx">
      <Filter>Source\ShaderCode</Filter>
    </FxCompile>
    <FxCompile Include="heightmap.fx">
      <Filter>Source\ShaderCode</Filter>
    </FxCompile>
    <FxCompile Include="colormap.fx">
      <Filter>Source\ShaderCode</Filter>
    </FxCompile>
    <FxCompile Include="weightmap.fx">
      <Filter>Source\ShaderCode</Filter>
    </FxCompile>
    <FxCompile Include="landscape_path.fx">
      <Filter>Source\ShaderCode</Filter>
    </FxCompile>
  </ItemGroup>
</Project>