<?xml version="1.0" encoding="utf-8"?>
<Project ToolsVersion="4.0" xmlns="http://schemas.microsoft.com/developer/msbuild/2003">
  <ItemGroup>
    <ClInclude Include="framework.h">
      <Filter>Default</Filter>
    </ClInclude>
    <ClInclude Include="pch.h">
      <Filter>Default</Filter>
    </ClInclude>
    <ClInclude Include="global.h">
      <Filter>Source\Header</Filter>
    </ClInclude>
    <ClInclude Include="define.h">
      <Filter>Source\Header</Filter>
    </ClInclude>
    <ClInclude Include="struct.h">
      <Filter>Source\Header</Filter>
    </ClInclude>
    <ClInclude Include="func.h">
      <Filter>Source\Header</Filter>
    </ClInclude>
    <ClInclude Include="CEngine.h">
      <Filter>Source\Engine</Filter>
    </ClInclude>
    <ClInclude Include="CSingleton.h">
      <Filter>Source\_Module</Filter>
    </ClInclude>
    <ClInclude Include="CDevice.h">
      <Filter>Source\_Device</Filter>
    </ClInclude>
    <ClInclude Include="SimpleMath.h">
      <Filter>Source\_Module\SimpleMath</Filter>
    </ClInclude>
    <ClInclude Include="CPathMgr.h">
      <Filter>Source\_Manager\PathMgr</Filter>
    </ClInclude>
    <ClInclude Include="CKeyMgr.h">
      <Filter>Source\_Manager\KeyMgr</Filter>
    </ClInclude>
    <ClInclude Include="CTimeMgr.h">
      <Filter>Source\_Manager\TimeMgr</Filter>
    </ClInclude>
    <ClInclude Include="CGameObject.h">
      <Filter>Source\GameObject</Filter>
    </ClInclude>
    <ClInclude Include="CComponent.h">
      <Filter>Source\_Component</Filter>
    </ClInclude>
    <ClInclude Include="CEntity.h">
      <Filter>Source</Filter>
    </ClInclude>
    <ClInclude Include="CTransform.h">
      <Filter>Source\_Component\Transform</Filter>
    </ClInclude>
    <ClInclude Include="CMeshRender.h">
      <Filter>Source\_Component\_RenderComponent\MeshRender</Filter>
    </ClInclude>
    <ClInclude Include="CRes.h">
      <Filter>Source\_Resource</Filter>
    </ClInclude>
    <ClInclude Include="CMesh.h">
      <Filter>Source\_Resource\Mesh</Filter>
    </ClInclude>
    <ClInclude Include="CShader.h">
      <Filter>Source\_Resource\Shader</Filter>
    </ClInclude>
    <ClInclude Include="CGraphicsShader.h">
      <Filter>Source\_Resource\Shader\GraphicsShader</Filter>
    </ClInclude>
    <ClInclude Include="CScript.h">
      <Filter>Source\_Component\Script</Filter>
    </ClInclude>
    <ClInclude Include="CConstBuffer.h">
      <Filter>Source\_Device\ConstantBuffer</Filter>
    </ClInclude>
    <ClInclude Include="CLevelMgr.h">
      <Filter>Source\_Manager\LevelMgr</Filter>
    </ClInclude>
    <ClInclude Include="CResMgr.h">
      <Filter>Source\_Manager\ResMgr</Filter>
    </ClInclude>
    <ClInclude Include="ptr.h">
      <Filter>Source\_Manager\ResMgr</Filter>
    </ClInclude>
    <ClInclude Include="CLevel.h">
      <Filter>Source\_Level</Filter>
    </ClInclude>
    <ClInclude Include="CTexture.h">
      <Filter>Source\_Resource\Texture</Filter>
    </ClInclude>
    <ClInclude Include="CMaterial.h">
      <Filter>Source\_Resource\Material</Filter>
    </ClInclude>
    <ClInclude Include="CCamera.h">
      <Filter>Source\_Component\Camera</Filter>
    </ClInclude>
    <ClInclude Include="components.h">
      <Filter>Source\Header</Filter>
    </ClInclude>
    <ClInclude Include="CRenderMgr.h">
      <Filter>Source\_Manager\RenderMgr</Filter>
    </ClInclude>
    <ClInclude Include="CRenderComponent.h">
      <Filter>Source\_Component\_RenderComponent</Filter>
    </ClInclude>
    <ClInclude Include="CEventMgr.h">
      <Filter>Source\_Manager\EventMgr</Filter>
    </ClInclude>
    <ClInclude Include="CPrefab.h">
      <Filter>Source\_Resource\Prefab</Filter>
    </ClInclude>
    <ClInclude Include="CStructuredBuffer.h">
      <Filter>Source\_Device\StructuredBuffer</Filter>
    </ClInclude>
    <ClInclude Include="CComputeShader.h">
      <Filter>Source\_Resource\Shader\ComputeShader</Filter>
    </ClInclude>
    <ClInclude Include="CSetColorShader.h">
      <Filter>Source\_Resource\Shader\ComputeShader\SetColor</Filter>
    </ClInclude>
    <ClInclude Include="CParticleSystem.h">
      <Filter>Source\_Component\_RenderComponent\ParticleSystem</Filter>
    </ClInclude>
    <ClInclude Include="CParticleUpdateShader.h">
      <Filter>Source\_Resource\Shader\ComputeShader\ParticleUpdate</Filter>
    </ClInclude>
    <ClInclude Include="CSound.h">
      <Filter>Source\_Resource\Sound</Filter>
    </ClInclude>
    <ClInclude Include="CSimpleTextMgr.h">
      <Filter>Source\_Manager\SimpleTextMgr</Filter>
    </ClInclude>
    <ClInclude Include="CLight3D.h">
      <Filter>Source\_Component\Light3D</Filter>
    </ClInclude>
    <ClInclude Include="mFBXLoader.h">
      <Filter>Source\_Module\FBXLoader</Filter>
    </ClInclude>
    <ClInclude Include="CSkyBox.h">
      <Filter>Source\_Component\_RenderComponent\SkyBox</Filter>
    </ClInclude>
    <ClInclude Include="mMRT.h">
      <Filter>Source\_Device\MRT</Filter>
    </ClInclude>
    <ClInclude Include="CDecal.h">
      <Filter>Source\_Component\_RenderComponent\Decal</Filter>
    </ClInclude>
    <ClInclude Include="KeyUseInfoMgr.h">
      <Filter>Source\_Manager\KeyUseInfoMgr</Filter>
    </ClInclude>
    <ClInclude Include="CAnimation3DShader.h">
      <Filter>Source\_Resource\Shader\ComputeShader\Animation3DShader</Filter>
    </ClInclude>
    <ClInclude Include="CAnimator3D.h">
      <Filter>Source\_Component\_Animator3D</Filter>
    </ClInclude>
    <ClInclude Include="CMeshData.h">
      <Filter>Source\_Resource\MeshData</Filter>
    </ClInclude>
    <ClInclude Include="CFrustum.h">
      <Filter>Source\_Component\Frustum</Filter>
    </ClInclude>
    <ClInclude Include="CAnimClip.h">
      <Filter>Source\_Component\_Animator3D</Filter>
    </ClInclude>
    <ClInclude Include="LT_Animation.h">
      <Filter>LookUpTable</Filter>
    </ClInclude>
    <ClInclude Include="CLayer.h">
      <Filter>Source\_Level\Layer</Filter>
    </ClInclude>
    <ClInclude Include="CLandScape.h">
      <Filter>Source\_Component\_RenderComponent\Landscape</Filter>
    </ClInclude>
    <ClInclude Include="physx_util.h">
      <Filter>Source\_Module\PhysX</Filter>
    </ClInclude>
    <ClInclude Include="CRayCastShader.h">
      <Filter>Source\_Resource\Shader\ComputeShader\RayCastShader</Filter>
    </ClInclude>
    <ClInclude Include="CHeightMapShader.h">
      <Filter>Source\_Resource\Shader\ComputeShader\HeightMapShader</Filter>
    </ClInclude>
    <ClInclude Include="CColorMapShader.h">
      <Filter>Source\_Resource\Shader\ComputeShader\ColorMapShader</Filter>
    </ClInclude>
    <ClInclude Include="CWeightMapShader.h">
      <Filter>Source\_Resource\Shader\ComputeShader\WeightMapShader</Filter>
    </ClInclude>
    <ClInclude Include="CLandScapePathShader.h">
      <Filter>Source\_Resource\Shader\ComputeShader\LandScapePathShader</Filter>
    </ClInclude>
    <ClInclude Include="RecastNavi.h">
      <Filter>Source\_Module\Recast\RecastNavi</Filter>
    </ClInclude>
    <ClInclude Include="RecastMesh.h">
      <Filter>Source\_Module\Recast</Filter>
    </ClInclude>
    <ClInclude Include="RecastBuildContext.h">
      <Filter>Source\_Module\Recast</Filter>
    </ClInclude>
    <ClInclude Include="CInstancingBuffer.h">
      <Filter>Source\_Device\InstancingBuffer</Filter>
    </ClInclude>
    <ClInclude Include="CCopyBoneShader.h">
      <Filter>Source\_Resource\Shader\ComputeShader\CopyBoneShader</Filter>
    </ClInclude>
    <ClInclude Include="CCollider3D.h">
      <Filter>Source\_Component\Collider3D</Filter>
    </ClInclude>
    <ClInclude Include="PhysXMgr.h">
      <Filter>Source\_Manager\PhysXMgr</Filter>
    </ClInclude>
    <ClInclude Include="CRigidBody.h">
      <Filter>Source\_Component\RigidBody</Filter>
    </ClInclude>
    <ClInclude Include="ObjPickerMgr.h">
      <Filter>Source\_Manager\ObjPickerMgr</Filter>
    </ClInclude>
    <ClInclude Include="CollisionMgr.h">
      <Filter>Source\_Manager\CollisionMgr</Filter>
    </ClInclude>
    <ClInclude Include="PlayerMgr.h">
      <Filter>Source\_Manager\PlayerMgr</Filter>
    </ClInclude>
    <ClInclude Include="CGizmo.h">
      <Filter>Source\_Component\Gizmo</Filter>
    </ClInclude>
    <ClInclude Include="AnimationMgr.h">
      <Filter>Source\_Manager\AnimationMgr</Filter>
    </ClInclude>
    <ClInclude Include="CameraMgr.h">
      <Filter>Source\_Manager\CameraMgr</Filter>
    </ClInclude>
    <ClInclude Include="RaycastMgr.h">
      <Filter>Source\_Manager\RaycastMgr</Filter>
    </ClInclude>
    <ClInclude Include="WeaponMgr.h">
      <Filter>Source\_Manager\WeaponMgr</Filter>
    </ClInclude>
    <ClInclude Include="IndividualBoneSkinningShader.h">
      <Filter>Source\_Resource\Shader\ComputeShader\IndividualBoneSkinningShader</Filter>
    </ClInclude>
    <ClInclude Include="CAnimator2D.h">
      <Filter>Source\_Component\Animator2D</Filter>
    </ClInclude>
    <ClInclude Include="CAnimSprite.h">
      <Filter>Source\_Component\Animator2D</Filter>
    </ClInclude>
    <ClInclude Include="RandMgr.h">
      <Filter>Source\_Manager\RandMgr</Filter>
    </ClInclude>
    <ClInclude Include="SkillMgr.h">
      <Filter>Source\_Manager\SkillMgr</Filter>
    </ClInclude>
    <ClInclude Include="CUI.h">
      <Filter>Source\UI</Filter>
    </ClInclude>
    <ClInclude Include="MouseMgr.h">
      <Filter>Source\_Manager\MouseMgr</Filter>
    </ClInclude>
    <ClInclude Include="FieldUIMgr.h">
      <Filter>Source\_Manager\FieldUIMgr</Filter>
    </ClInclude>
    <ClInclude Include="InputGeom.h">
      <Filter>Source\_Module\Recast\RecastNavi</Filter>
    </ClInclude>
    <ClInclude Include="NavigationMgr.h">
      <Filter>Source\_Manager\NavigationMgr</Filter>
    </ClInclude>
    <ClInclude Include="ParticleMgr.h">
      <Filter>Source\_Manager\ParticleMgr</Filter>
    </ClInclude>
    <ClInclude Include="TextMgr.h">
      <Filter>Source\_Manager\TextMgr</Filter>
    </ClInclude>
    <ClInclude Include="MainMenuMgr.h">
      <Filter>Source\_Manager\MainMenuMgr</Filter>
    </ClInclude>
  </ItemGroup>
  <ItemGroup>
    <ClCompile Include="Engine.cpp">
      <Filter>Default</Filter>
    </ClCompile>
    <ClCompile Include="pch.cpp">
      <Filter>Default</Filter>
    </ClCompile>
    <ClCompile Include="CEngine.cpp">
      <Filter>Source\Engine</Filter>
    </ClCompile>
    <ClCompile Include="CDevice.cpp">
      <Filter>Source\_Device</Filter>
    </ClCompile>
    <ClCompile Include="CPathMgr.cpp">
      <Filter>Source\_Manager\PathMgr</Filter>
    </ClCompile>
    <ClCompile Include="CKeyMgr.cpp">
      <Filter>Source\_Manager\KeyMgr</Filter>
    </ClCompile>
    <ClCompile Include="CTimeMgr.cpp">
      <Filter>Source\_Manager\TimeMgr</Filter>
    </ClCompile>
    <ClCompile Include="CGameObject.cpp">
      <Filter>Source\GameObject</Filter>
    </ClCompile>
    <ClCompile Include="CComponent.cpp">
      <Filter>Source\_Component</Filter>
    </ClCompile>
    <ClCompile Include="CEntity.cpp">
      <Filter>Source</Filter>
    </ClCompile>
    <ClCompile Include="CTransform.cpp">
      <Filter>Source\_Component\Transform</Filter>
    </ClCompile>
    <ClCompile Include="CMeshRender.cpp">
      <Filter>Source\_Component\_RenderComponent\MeshRender</Filter>
    </ClCompile>
    <ClCompile Include="CRes.cpp">
      <Filter>Source\_Resource</Filter>
    </ClCompile>
    <ClCompile Include="CMesh.cpp">
      <Filter>Source\_Resource\Mesh</Filter>
    </ClCompile>
    <ClCompile Include="CShader.cpp">
      <Filter>Source\_Resource\Shader</Filter>
    </ClCompile>
    <ClCompile Include="CGraphicsShader.cpp">
      <Filter>Source\_Resource\Shader\GraphicsShader</Filter>
    </ClCompile>
    <ClCompile Include="CScript.cpp">
      <Filter>Source\_Component\Script</Filter>
    </ClCompile>
    <ClCompile Include="CConstBuffer.cpp">
      <Filter>Source\_Device\ConstantBuffer</Filter>
    </ClCompile>
    <ClCompile Include="CLevelMgr.cpp">
      <Filter>Source\_Manager\LevelMgr</Filter>
    </ClCompile>
    <ClCompile Include="CResMgr.cpp">
      <Filter>Source\_Manager\ResMgr</Filter>
    </ClCompile>
    <ClCompile Include="CLevel.cpp">
      <Filter>Source\_Level</Filter>
    </ClCompile>
    <ClCompile Include="CTexture.cpp">
      <Filter>Source\_Resource\Texture</Filter>
    </ClCompile>
    <ClCompile Include="CMaterial.cpp">
      <Filter>Source\_Resource\Material</Filter>
    </ClCompile>
    <ClCompile Include="CCamera.cpp">
      <Filter>Source\_Component\Camera</Filter>
    </ClCompile>
    <ClCompile Include="extern.cpp">
      <Filter>Source\Header</Filter>
    </ClCompile>
    <ClCompile Include="CRenderMgr.cpp">
      <Filter>Source\_Manager\RenderMgr</Filter>
    </ClCompile>
    <ClCompile Include="CRenderComponent.cpp">
      <Filter>Source\_Component\_RenderComponent</Filter>
    </ClCompile>
    <ClCompile Include="CEventMgr.cpp">
      <Filter>Source\_Manager\EventMgr</Filter>
    </ClCompile>
    <ClCompile Include="CPrefab.cpp">
      <Filter>Source\_Resource\Prefab</Filter>
    </ClCompile>
    <ClCompile Include="func.cpp">
      <Filter>Source\Header</Filter>
    </ClCompile>
    <ClCompile Include="CStructuredBuffer.cpp">
      <Filter>Source\_Device\StructuredBuffer</Filter>
    </ClCompile>
    <ClCompile Include="CComputeShader.cpp">
      <Filter>Source\_Resource\Shader\ComputeShader</Filter>
    </ClCompile>
    <ClCompile Include="CSetColorShader.cpp">
      <Filter>Source\_Resource\Shader\ComputeShader\SetColor</Filter>
    </ClCompile>
    <ClCompile Include="CParticleSystem.cpp">
      <Filter>Source\_Component\_RenderComponent\ParticleSystem</Filter>
    </ClCompile>
    <ClCompile Include="CParticleUpdateShader.cpp">
      <Filter>Source\_Resource\Shader\ComputeShader\ParticleUpdate</Filter>
    </ClCompile>
    <ClCompile Include="CSound.cpp">
      <Filter>Source\_Resource\Sound</Filter>
    </ClCompile>
    <ClCompile Include="CSimpleTextMgr.cpp">
      <Filter>Source\_Manager\SimpleTextMgr</Filter>
    </ClCompile>
    <ClCompile Include="CLight3D.cpp">
      <Filter>Source\_Component\Light3D</Filter>
    </ClCompile>
    <ClCompile Include="mFBXLoader.cpp">
      <Filter>Source\_Module\FBXLoader</Filter>
    </ClCompile>
    <ClCompile Include="CSkyBox.cpp">
      <Filter>Source\_Component\_RenderComponent\SkyBox</Filter>
    </ClCompile>
    <ClCompile Include="mMRT.cpp">
      <Filter>Source\_Device\MRT</Filter>
    </ClCompile>
    <ClCompile Include="CDecal.cpp">
      <Filter>Source\_Component\_RenderComponent\Decal</Filter>
    </ClCompile>
    <ClCompile Include="KeyUseInfoMgr.cpp">
      <Filter>Source\_Manager\KeyUseInfoMgr</Filter>
    </ClCompile>
    <ClCompile Include="CAnimation3DShader.cpp">
      <Filter>Source\_Resource\Shader\ComputeShader\Animation3DShader</Filter>
    </ClCompile>
    <ClCompile Include="CAnimator3D.cpp">
      <Filter>Source\_Component\_Animator3D</Filter>
    </ClCompile>
    <ClCompile Include="CMeshData.cpp">
      <Filter>Source\_Resource\MeshData</Filter>
    </ClCompile>
    <ClCompile Include="CFrustum.cpp">
      <Filter>Source\_Component\Frustum</Filter>
    </ClCompile>
    <ClCompile Include="CAnimClip.cpp">
      <Filter>Source\_Component\_Animator3D</Filter>
    </ClCompile>
    <ClCompile Include="CLayer.cpp">
      <Filter>Source\_Level\Layer</Filter>
    </ClCompile>
    <ClCompile Include="CLandScape.cpp">
      <Filter>Source\_Component\_RenderComponent\Landscape</Filter>
    </ClCompile>
    <ClCompile Include="physx_util.cpp">
      <Filter>Source\_Module\PhysX</Filter>
    </ClCompile>
    <ClCompile Include="CRayCastShader.cpp">
      <Filter>Source\_Resource\Shader\ComputeShader\RayCastShader</Filter>
    </ClCompile>
    <ClCompile Include="CHeightMapShader.cpp">
      <Filter>Source\_Resource\Shader\ComputeShader\HeightMapShader</Filter>
    </ClCompile>
    <ClCompile Include="CColorMapShader.cpp">
      <Filter>Source\_Resource\Shader\ComputeShader\ColorMapShader</Filter>
    </ClCompile>
    <ClCompile Include="CWeightMapShader.cpp">
      <Filter>Source\_Resource\Shader\ComputeShader\WeightMapShader</Filter>
    </ClCompile>
    <ClCompile Include="CLandScapePathShader.cpp">
      <Filter>Source\_Resource\Shader\ComputeShader\LandScapePathShader</Filter>
    </ClCompile>
    <ClCompile Include="RecastNavi.cpp">
      <Filter>Source\_Module\Recast\RecastNavi</Filter>
    </ClCompile>
    <ClCompile Include="RecastMesh.cpp">
      <Filter>Source\_Module\Recast</Filter>
    </ClCompile>
    <ClCompile Include="RecastBuildContext.cpp">
      <Filter>Source\_Module\Recast</Filter>
    </ClCompile>
    <ClCompile Include="CInstancingBuffer.cpp">
      <Filter>Source\_Device\InstancingBuffer</Filter>
    </ClCompile>
    <ClCompile Include="CCopyBoneShader.cpp">
      <Filter>Source\_Resource\Shader\ComputeShader\CopyBoneShader</Filter>
    </ClCompile>
    <ClCompile Include="CCollider3D.cpp">
      <Filter>Source\_Component\Collider3D</Filter>
    </ClCompile>
    <ClCompile Include="PhysXMgr.cpp">
      <Filter>Source\_Manager\PhysXMgr</Filter>
    </ClCompile>
    <ClCompile Include="CRigidBody.cpp">
      <Filter>Source\_Component\RigidBody</Filter>
    </ClCompile>
    <ClCompile Include="ObjPickerMgr.cpp">
      <Filter>Source\_Manager\ObjPickerMgr</Filter>
    </ClCompile>
    <ClCompile Include="CollisionMgr.cpp">
      <Filter>Source\_Manager\CollisionMgr</Filter>
    </ClCompile>
    <ClCompile Include="PlayerMgr.cpp">
      <Filter>Source\_Manager\PlayerMgr</Filter>
    </ClCompile>
    <ClCompile Include="CGizmo.cpp">
      <Filter>Source\_Component\Gizmo</Filter>
    </ClCompile>
    <ClCompile Include="AnimationMgr.cpp">
      <Filter>Source\_Manager\AnimationMgr</Filter>
    </ClCompile>
    <ClCompile Include="CameraMgr.cpp">
      <Filter>Source\_Manager\CameraMgr</Filter>
    </ClCompile>
    <ClCompile Include="RaycastMgr.cpp">
      <Filter>Source\_Manager\RaycastMgr</Filter>
    </ClCompile>
    <ClCompile Include="SimpleMath.cpp">
      <Filter>Source\_Module\SimpleMath</Filter>
    </ClCompile>
    <ClCompile Include="WeaponMgr.cpp">
      <Filter>Source\_Manager\WeaponMgr</Filter>
    </ClCompile>
    <ClCompile Include="IndividualBoneSkinningShader.cpp">
      <Filter>Source\_Resource\Shader\ComputeShader\IndividualBoneSkinningShader</Filter>
    </ClCompile>
    <ClCompile Include="CAnimator2D.cpp">
      <Filter>Source\_Component\Animator2D</Filter>
    </ClCompile>
    <ClCompile Include="CAnimSprite.cpp">
      <Filter>Source\_Component\Animator2D</Filter>
    </ClCompile>
    <ClCompile Include="RandMgr.cpp">
      <Filter>Source\_Manager\RandMgr</Filter>
    </ClCompile>
    <ClCompile Include="SkillMgr.cpp">
      <Filter>Source\_Manager\SkillMgr</Filter>
    </ClCompile>
    <ClCompile Include="CUI.cpp">
      <Filter>Source\UI</Filter>
    </ClCompile>
    <ClCompile Include="MouseMgr.cpp">
      <Filter>Source\_Manager\MouseMgr</Filter>
    </ClCompile>
    <ClCompile Include="FieldUIMgr.cpp">
      <Filter>Source\_Manager\FieldUIMgr</Filter>
    </ClCompile>
    <ClCompile Include="PerfTimer.cpp">
      <Filter>Source\_Module\Recast\RecastNavi</Filter>
    </ClCompile>
    <ClCompile Include="InputGeom.cpp">
      <Filter>Source\_Module\Recast\RecastNavi</Filter>
    </ClCompile>
    <ClCompile Include="ChunkyTriMesh.cpp">
      <Filter>Source\_Module\Recast\RecastNavi</Filter>
    </ClCompile>
    <ClCompile Include="NavigationMgr.cpp">
      <Filter>Source\_Manager\NavigationMgr</Filter>
    </ClCompile>
    <ClCompile Include="ParticleMgr.cpp">
      <Filter>Source\_Manager\ParticleMgr</Filter>
    </ClCompile>
    <ClCompile Include="TextMgr.cpp">
      <Filter>Source\_Manager\TextMgr</Filter>
    </ClCompile>
    <ClCompile Include="MainMenuMgr.cpp">
      <Filter>Source\_Manager\MainMenuMgr</Filter>
    </ClCompile>
  </ItemGroup>
  <ItemGroup>
    <Filter Include="Default">
      <UniqueIdentifier>{bf35e007-92a1-401c-bb41-cafe9c4fd5e1}</UniqueIdentifier>
    </Filter>
    <Filter Include="Source">
      <UniqueIdentifier>{f7c4fb8b-3b9f-43d1-af3b-ecee090c360c}</UniqueIdentifier>
    </Filter>
    <Filter Include="Source\Header">
      <UniqueIdentifier>{c5e19d51-b47f-4a43-8e10-8ff0062f5fb1}</UniqueIdentifier>
    </Filter>
    <Filter Include="Source\Engine">
      <UniqueIdentifier>{cd444e0e-d969-4391-b8f7-fece5daf0bc0}</UniqueIdentifier>
    </Filter>
    <Filter Include="Source\GameObject">
      <UniqueIdentifier>{c8caa982-e753-4824-b0f1-dc97ebec0e80}</UniqueIdentifier>
    </Filter>
    <Filter Include="Source\_Manager">
      <UniqueIdentifier>{ff80abf2-a382-43db-9139-bdb15da13dc5}</UniqueIdentifier>
    </Filter>
    <Filter Include="Source\_Manager\PathMgr">
      <UniqueIdentifier>{2aa9b216-f75e-4630-9d44-09e348de8ac2}</UniqueIdentifier>
    </Filter>
    <Filter Include="Source\_Manager\KeyMgr">
      <UniqueIdentifier>{02aa0ad4-b3bd-4a3a-9f2b-86e403b21394}</UniqueIdentifier>
    </Filter>
    <Filter Include="Source\_Manager\TimeMgr">
      <UniqueIdentifier>{aa8c912d-bf14-485e-9725-ea658382287f}</UniqueIdentifier>
    </Filter>
    <Filter Include="Source\_Manager\LevelMgr">
      <UniqueIdentifier>{b1764c9e-7279-4948-b236-fc6fd24bbc07}</UniqueIdentifier>
    </Filter>
    <Filter Include="Source\_Manager\ResMgr">
      <UniqueIdentifier>{f1be8e7f-adbe-4ebe-bfd9-d80b27fba88a}</UniqueIdentifier>
    </Filter>
    <Filter Include="Source\_Manager\RenderMgr">
      <UniqueIdentifier>{90675cab-88f2-42d9-bb02-95bcbd85a7f3}</UniqueIdentifier>
    </Filter>
    <Filter Include="Source\_Manager\EventMgr">
      <UniqueIdentifier>{0a343449-42c4-40a1-847b-895444053100}</UniqueIdentifier>
    </Filter>
    <Filter Include="Source\_Manager\KeyUseInfoMgr">
      <UniqueIdentifier>{6ceaf409-5b31-4491-8c78-9484062661c6}</UniqueIdentifier>
    </Filter>
    <Filter Include="Source\_Manager\PhysXMgr">
      <UniqueIdentifier>{15ccdeae-a9b3-43a4-a3d3-1667206809b5}</UniqueIdentifier>
    </Filter>
    <Filter Include="Source\_Level">
      <UniqueIdentifier>{c83961ef-cb2c-4f0d-bbc4-ffd708a2bf4b}</UniqueIdentifier>
    </Filter>
    <Filter Include="Source\_Level\Layer">
      <UniqueIdentifier>{f6b9e83d-6b5b-4550-b900-3ac0429c43b5}</UniqueIdentifier>
    </Filter>
    <Filter Include="Source\_Device">
      <UniqueIdentifier>{769ff45f-aa32-458a-9282-19906e3c14c5}</UniqueIdentifier>
    </Filter>
    <Filter Include="Source\_Device\StructuredBuffer">
      <UniqueIdentifier>{4133d464-b1f7-4ff4-b41c-071f2f05dc08}</UniqueIdentifier>
    </Filter>
    <Filter Include="Source\_Device\ConstantBuffer">
      <UniqueIdentifier>{57b55dc8-c509-4d81-8671-8f3269f50b93}</UniqueIdentifier>
    </Filter>
    <Filter Include="Source\_Device\MRT">
      <UniqueIdentifier>{14024dff-86f9-4d03-a98b-e625ac49e880}</UniqueIdentifier>
    </Filter>
    <Filter Include="Source\_Device\InstancingBuffer">
      <UniqueIdentifier>{aaab91ed-282d-4333-a90c-334499306df4}</UniqueIdentifier>
    </Filter>
    <Filter Include="Source\_Module">
      <UniqueIdentifier>{77da0800-3a79-4f9b-aa08-9bf7e06d17d5}</UniqueIdentifier>
    </Filter>
    <Filter Include="Source\_Module\SimpleMath">
      <UniqueIdentifier>{c3fbf7d1-977b-4a8d-916b-bc3be792b42f}</UniqueIdentifier>
    </Filter>
    <Filter Include="Source\_Module\FBXLoader">
      <UniqueIdentifier>{6226bc65-6ee8-497c-878f-d756d80899ca}</UniqueIdentifier>
    </Filter>
    <Filter Include="Source\_Module\PhysX">
      <UniqueIdentifier>{7e9d8349-0d65-4b7d-a91a-c65bac473573}</UniqueIdentifier>
    </Filter>
    <Filter Include="Source\_Module\Recast">
      <UniqueIdentifier>{ced98faf-18b1-46ab-9602-6b3311e0464c}</UniqueIdentifier>
    </Filter>
    <Filter Include="Source\_Module\Recast\RecastNavi">
      <UniqueIdentifier>{7eea664e-6ae6-424c-960b-1783adb3d89a}</UniqueIdentifier>
    </Filter>
    <Filter Include="Source\_Resource">
      <UniqueIdentifier>{a860b8d2-329c-422a-a7a0-3aee123c6fac}</UniqueIdentifier>
    </Filter>
    <Filter Include="Source\_Resource\Mesh">
      <UniqueIdentifier>{98d8b7a9-5e30-463b-b888-4a0db5b8e3fd}</UniqueIdentifier>
    </Filter>
    <Filter Include="Source\_Resource\Texture">
      <UniqueIdentifier>{f20c6b68-728b-42b4-9114-c4c2341a3724}</UniqueIdentifier>
    </Filter>
    <Filter Include="Source\_Resource\Material">
      <UniqueIdentifier>{0b17e6e3-55e9-4cc1-b5f2-0dd2feb32f11}</UniqueIdentifier>
    </Filter>
    <Filter Include="Source\_Resource\Shader">
      <UniqueIdentifier>{e3a93cb0-2193-4edb-9282-39a46638bc54}</UniqueIdentifier>
    </Filter>
    <Filter Include="Source\_Resource\Shader\GraphicsShader">
      <UniqueIdentifier>{2be1bcef-219d-4d84-9a98-97384469b7c8}</UniqueIdentifier>
    </Filter>
    <Filter Include="Source\_Resource\Shader\ComputeShader">
      <UniqueIdentifier>{e151f217-81da-4353-bbc5-512b81b26bc0}</UniqueIdentifier>
    </Filter>
    <Filter Include="Source\_Resource\Prefab">
      <UniqueIdentifier>{bb3a4eec-2ba4-4576-8eac-788c0ab1f9c9}</UniqueIdentifier>
    </Filter>
    <Filter Include="Source\_Resource\Sound">
      <UniqueIdentifier>{b9f5ccf0-29ca-426a-bdea-c608a8101be7}</UniqueIdentifier>
    </Filter>
    <Filter Include="Source\_Resource\MeshData">
      <UniqueIdentifier>{374b666a-6dfa-4a92-a299-a57fb8f6c84a}</UniqueIdentifier>
    </Filter>
    <Filter Include="Source\_ShaderCode">
      <UniqueIdentifier>{7bae9d30-a4aa-4ff1-abdc-5ed8dcbd21ce}</UniqueIdentifier>
    </Filter>
    <Filter Include="Source\_Component">
      <UniqueIdentifier>{687dc90e-c2c0-4507-bd5e-153a25cd4d38}</UniqueIdentifier>
    </Filter>
    <Filter Include="Source\_Component\Script">
      <UniqueIdentifier>{ca120d65-a3f9-4d3c-9f9d-b9642fb0c222}</UniqueIdentifier>
    </Filter>
    <Filter Include="Source\_Component\_RenderComponent">
      <UniqueIdentifier>{9cecd8a1-3634-4969-8ff0-3dbca52469cd}</UniqueIdentifier>
    </Filter>
    <Filter Include="Source\_Component\_RenderComponent\MeshRender">
      <UniqueIdentifier>{3dd66862-9fa0-441f-8888-fa938d05bdbb}</UniqueIdentifier>
    </Filter>
    <Filter Include="Source\_Component\_RenderComponent\ParticleSystem">
      <UniqueIdentifier>{ddedfa9d-149c-436d-ba74-99ef2cbf0457}</UniqueIdentifier>
    </Filter>
    <Filter Include="Source\_Component\_RenderComponent\Decal">
      <UniqueIdentifier>{77837a5b-9428-40ac-b78f-5ecbda8d05d1}</UniqueIdentifier>
    </Filter>
    <Filter Include="Source\_Component\_RenderComponent\Landscape">
      <UniqueIdentifier>{f136de34-cd33-45d6-be6a-5fb4de15646b}</UniqueIdentifier>
    </Filter>
    <Filter Include="Source\_Component\_RenderComponent\SkyBox">
      <UniqueIdentifier>{aa5c1e42-00cd-42e9-b802-bb4ee817b382}</UniqueIdentifier>
    </Filter>
    <Filter Include="Source\_Component\Transform">
      <UniqueIdentifier>{d0e54e64-2aaa-4fe6-babe-d15fd49d6a77}</UniqueIdentifier>
    </Filter>
    <Filter Include="Source\_Component\Camera">
      <UniqueIdentifier>{79af7ea9-0e2d-45fe-a008-5042fdc0754c}</UniqueIdentifier>
    </Filter>
    <Filter Include="Source\_Component\Light3D">
      <UniqueIdentifier>{e0ae0fa9-a23b-4fa8-a44a-caf0c9601287}</UniqueIdentifier>
    </Filter>
    <Filter Include="Source\_Component\Frustum">
      <UniqueIdentifier>{6782d552-3184-475d-976b-5642054ec6b9}</UniqueIdentifier>
    </Filter>
    <Filter Include="Source\_Component\Collider3D">
      <UniqueIdentifier>{ca161233-3dae-4162-bc13-7e23ca4b9f3e}</UniqueIdentifier>
    </Filter>
    <Filter Include="Source\_Component\_Animator3D">
      <UniqueIdentifier>{260d6af3-3796-49d3-9bd0-45266202ab2d}</UniqueIdentifier>
    </Filter>
    <Filter Include="Source\_Component\RigidBody">
      <UniqueIdentifier>{2a11a2c7-99eb-4e7d-a69a-dda28017b8bd}</UniqueIdentifier>
    </Filter>
    <Filter Include="Source\_Manager\ObjPickerMgr">
      <UniqueIdentifier>{0da9b8a0-cde4-480f-813f-d3f5a643697a}</UniqueIdentifier>
    </Filter>
    <Filter Include="Source\_Manager\CollisionMgr">
      <UniqueIdentifier>{0062e379-6c93-4a57-bd16-335ad1305a5c}</UniqueIdentifier>
    </Filter>
    <Filter Include="Source\_Manager\PlayerMgr">
      <UniqueIdentifier>{74d63b27-cb75-4cb6-948b-5b0416830720}</UniqueIdentifier>
    </Filter>
    <Filter Include="Source\_Component\Gizmo">
      <UniqueIdentifier>{ec5339a9-b08b-459d-8477-39ea7f94afa0}</UniqueIdentifier>
    </Filter>
    <Filter Include="LookUpTable">
      <UniqueIdentifier>{ff74bcc9-a3b3-4efc-95b0-17c28faa0925}</UniqueIdentifier>
    </Filter>
    <Filter Include="Source\_Manager\AnimationMgr">
      <UniqueIdentifier>{bdd3471a-81a4-4fc4-9392-18fdb974aa64}</UniqueIdentifier>
    </Filter>
    <Filter Include="Source\_Manager\CameraMgr">
      <UniqueIdentifier>{8bca7917-c633-4725-971d-b3207f9a91b5}</UniqueIdentifier>
    </Filter>
    <Filter Include="Source\_Manager\RaycastMgr">
      <UniqueIdentifier>{d094ebe8-e6ae-45c5-a0e6-a8ea20146944}</UniqueIdentifier>
    </Filter>
    <Filter Include="Source\_Manager\WeaponMgr">
      <UniqueIdentifier>{2b14e5ca-3a5d-4e10-a26f-f20b6acb5734}</UniqueIdentifier>
    </Filter>
    <Filter Include="Source\_Component\Animator2D">
      <UniqueIdentifier>{0b7d9801-a8a0-4e47-bbde-b8f30e231f92}</UniqueIdentifier>
    </Filter>
    <Filter Include="Source\_Manager\RandMgr">
      <UniqueIdentifier>{f5dc8005-423f-4cb8-aa18-bd9564517f43}</UniqueIdentifier>
    </Filter>
    <Filter Include="Source\_Manager\SkillMgr">
      <UniqueIdentifier>{fd662726-c6af-4477-b114-1b4c7fc79b4d}</UniqueIdentifier>
    </Filter>
    <Filter Include="Source\_Resource\Shader\ComputeShader\Animation3DShader">
      <UniqueIdentifier>{47d7770c-d818-460a-94bd-566bb181cac2}</UniqueIdentifier>
    </Filter>
    <Filter Include="Source\_Resource\Shader\ComputeShader\ColorMapShader">
      <UniqueIdentifier>{3c0a2b6b-07ad-4210-a170-fd1a9d1fb3fb}</UniqueIdentifier>
    </Filter>
    <Filter Include="Source\_Resource\Shader\ComputeShader\CopyBoneShader">
      <UniqueIdentifier>{292c633a-ce56-44a1-abac-0122e5a8b64a}</UniqueIdentifier>
    </Filter>
    <Filter Include="Source\_Resource\Shader\ComputeShader\HeightMapShader">
      <UniqueIdentifier>{84e34483-be87-4f71-8599-3e7b71e2eadf}</UniqueIdentifier>
    </Filter>
    <Filter Include="Source\_Resource\Shader\ComputeShader\IndividualBoneSkinningShader">
      <UniqueIdentifier>{9d7c998b-a838-4821-ad26-7952694d5c81}</UniqueIdentifier>
    </Filter>
    <Filter Include="Source\_Resource\Shader\ComputeShader\LandScapePathShader">
      <UniqueIdentifier>{6f3947b0-018a-433e-9e77-d7f6046c59ef}</UniqueIdentifier>
    </Filter>
    <Filter Include="Source\_Resource\Shader\ComputeShader\ParticleShader">
      <UniqueIdentifier>{9fad93fe-4fb8-4d90-8aa2-09968ae6cd9c}</UniqueIdentifier>
    </Filter>
    <Filter Include="Source\_Resource\Shader\ComputeShader\ParticleUpdate">
      <UniqueIdentifier>{12834beb-ba3f-4987-aee4-cf905f38179d}</UniqueIdentifier>
    </Filter>
    <Filter Include="Source\_Resource\Shader\ComputeShader\RayCastShader">
      <UniqueIdentifier>{794f2ff5-7da5-4ce6-87ea-30051c6a6007}</UniqueIdentifier>
    </Filter>
    <Filter Include="Source\_Resource\Shader\ComputeShader\SetColor">
      <UniqueIdentifier>{10f44ac0-4d7c-466f-8168-e9649d728a5f}</UniqueIdentifier>
    </Filter>
    <Filter Include="Source\_Resource\Shader\ComputeShader\WeightMapShader">
      <UniqueIdentifier>{68f83462-b4d8-4d1a-b934-5abf68f8409f}</UniqueIdentifier>
    </Filter>
    <Filter Include="Source\_ShaderCode\Animation">
      <UniqueIdentifier>{d3e03e0c-1695-4f5f-b2db-86b96be072b4}</UniqueIdentifier>
    </Filter>
    <Filter Include="Source\_ShaderCode\Effect">
      <UniqueIdentifier>{9bc5a1a2-09e2-4635-9b8d-4a7be00afff6}</UniqueIdentifier>
    </Filter>
    <Filter Include="Source\UI">
      <UniqueIdentifier>{ef81d950-ea0c-46bf-805b-a2997f6b3822}</UniqueIdentifier>
    </Filter>
    <Filter Include="Source\_Manager\MouseMgr">
      <UniqueIdentifier>{404fbf16-7c4b-4da3-aa37-0cad8c0b0ec9}</UniqueIdentifier>
    </Filter>
    <Filter Include="Source\_Manager\FieldUIMgr">
      <UniqueIdentifier>{d339d0a0-051d-448c-aa08-f8ce72c7b775}</UniqueIdentifier>
    </Filter>
    <Filter Include="Source\_Manager\NavigationMgr">
      <UniqueIdentifier>{f8b77913-ed4e-4496-9c65-091c942632fe}</UniqueIdentifier>
    </Filter>
    <Filter Include="Source\_Manager\ParticleMgr">
      <UniqueIdentifier>{72241d18-a11c-41b5-9381-d2040789a62b}</UniqueIdentifier>
    </Filter>
    <Filter Include="Source\_Manager\TextMgr">
      <UniqueIdentifier>{a2611fcd-4514-4138-84d0-a55b485bff7b}</UniqueIdentifier>
    </Filter>
    <Filter Include="Source\_Manager\SimpleTextMgr">
      <UniqueIdentifier>{b1a42f85-f96c-490d-a570-365243b1a620}</UniqueIdentifier>
    </Filter>
    <Filter Include="Source\_Manager\MainMenuMgr">
      <UniqueIdentifier>{50959c28-c867-4b86-9eda-8c47d6bedd15}</UniqueIdentifier>
    </Filter>
  </ItemGroup>
  <ItemGroup>
    <None Include="cpp.hint" />
    <None Include="SimpleMath.inl">
      <Filter>Source\_Module\SimpleMath</Filter>
    </None>
  </ItemGroup>
  <ItemGroup>
    <FxCompile Include="value.fx">
      <Filter>Source\_ShaderCode</Filter>
    </FxCompile>
    <FxCompile Include="std2d.fx">
      <Filter>Source\_ShaderCode</Filter>
    </FxCompile>
    <FxCompile Include="debugshape.fx">
      <Filter>Source\_ShaderCode</Filter>
    </FxCompile>
    <FxCompile Include="struct.fx">
      <Filter>Source\_ShaderCode</Filter>
    </FxCompile>
    <FxCompile Include="func.fx">
      <Filter>Source\_ShaderCode</Filter>
    </FxCompile>
    <FxCompile Include="setcolor.fx">
      <Filter>Source\_Resource\Shader\ComputeShader\SetColor</Filter>
    </FxCompile>
    <FxCompile Include="std3d.fx">
      <Filter>Source\_ShaderCode</Filter>
    </FxCompile>
    <FxCompile Include="skybox.fx">
      <Filter>Source\_ShaderCode</Filter>
    </FxCompile>
    <FxCompile Include="std3d_deferred.fx">
      <Filter>Source\_ShaderCode</Filter>
    </FxCompile>
    <FxCompile Include="area_decal.fx">
      <Filter>Source\_ShaderCode</Filter>
    </FxCompile>
    <FxCompile Include="landscape.fx">
      <Filter>Source\_ShaderCode</Filter>
    </FxCompile>
    <FxCompile Include="raycast.fx">
      <Filter>Source\_ShaderCode</Filter>
    </FxCompile>
    <FxCompile Include="heightmap.fx">
      <Filter>Source\_ShaderCode</Filter>
    </FxCompile>
    <FxCompile Include="colormap.fx">
      <Filter>Source\_ShaderCode</Filter>
    </FxCompile>
    <FxCompile Include="weightmap.fx">
      <Filter>Source\_ShaderCode</Filter>
    </FxCompile>
    <FxCompile Include="landscape_path.fx">
      <Filter>Source\_ShaderCode</Filter>
    </FxCompile>
    <FxCompile Include="copybone.fx">
      <Filter>Source\_ShaderCode</Filter>
    </FxCompile>
    <FxCompile Include="animation2d.fx">
      <Filter>Source\_ShaderCode\Animation</Filter>
    </FxCompile>
    <FxCompile Include="animation3d.fx">
      <Filter>Source\_ShaderCode\Animation</Filter>
    </FxCompile>
    <FxCompile Include="individual_bone_skinning.fx">
      <Filter>Source\_ShaderCode\Animation</Filter>
    </FxCompile>
    <FxCompile Include="light.fx">
      <Filter>Source\_ShaderCode\Effect</Filter>
    </FxCompile>
    <FxCompile Include="decal.fx">
      <Filter>Source\_ShaderCode\Effect</Filter>
    </FxCompile>
    <FxCompile Include="postprocess.fx">
      <Filter>Source\_ShaderCode\Effect</Filter>
    </FxCompile>
    <FxCompile Include="tess.fx">
      <Filter>Source\_ShaderCode\Effect</Filter>
    </FxCompile>
    <FxCompile Include="particle_render.fx">
      <Filter>Source\_ShaderCode\Effect</Filter>
    </FxCompile>
    <FxCompile Include="particle_update.fx">
      <Filter>Source\_ShaderCode\Effect</Filter>
    </FxCompile>
  </ItemGroup>
</Project>